// !$*UTF8*$!
{
	archiveVersion = 1;
	classes = {
	};
	objectVersion = 46;
	objects = {

/* Begin PBXBuildFile section */
		1C05153A15DB3EBB00AFEC58 /* AVFoundation.framework in Frameworks */ = {isa = PBXBuildFile; fileRef = 1C05153915DB3EBB00AFEC58 /* AVFoundation.framework */; };
		1C05153C15DB3F6600AFEC58 /* CoreMedia.framework in Frameworks */ = {isa = PBXBuildFile; fileRef = 1C05153B15DB3F6600AFEC58 /* CoreMedia.framework */; };
		1C05153E15DB3F7000AFEC58 /* CoreMotion.framework in Frameworks */ = {isa = PBXBuildFile; fileRef = 1C05153D15DB3F7000AFEC58 /* CoreMotion.framework */; };
		1C05154015DB3F7900AFEC58 /* OpenGLES.framework in Frameworks */ = {isa = PBXBuildFile; fileRef = 1C05153F15DB3F7900AFEC58 /* OpenGLES.framework */; };
		1C0CF8DD15E21170009F47B5 /* libxml2.dylib in Frameworks */ = {isa = PBXBuildFile; fileRef = 1C0CF8DB15E210E2009F47B5 /* libxml2.dylib */; };
		1C0CF8DF15E211C9009F47B5 /* libz.dylib in Frameworks */ = {isa = PBXBuildFile; fileRef = 1C0CF8DE15E211C9009F47B5 /* libz.dylib */; };
		1C0CF8E415E21267009F47B5 /* MobileCoreServices.framework in Frameworks */ = {isa = PBXBuildFile; fileRef = 1C0CF8E315E21267009F47B5 /* MobileCoreServices.framework */; };
		1C66D0FF15D0AADC00A59637 /* libsqlite3.dylib in Frameworks */ = {isa = PBXBuildFile; fileRef = 1C66D0FE15D0AADC00A59637 /* libsqlite3.dylib */; };
		1C66D16915D11DB600A59637 /* AudioToolbox.framework in Frameworks */ = {isa = PBXBuildFile; fileRef = 1C66D16815D11DB600A59637 /* AudioToolbox.framework */; };
		1C80A50215D258E40072C003 /* CoreLocation.framework in Frameworks */ = {isa = PBXBuildFile; fileRef = 1C80A50115D258E40072C003 /* CoreLocation.framework */; };
		1CADF563160089D500CCADA0 /* AuthenticationViewController.m in Sources */ = {isa = PBXBuildFile; fileRef = 1CADF562160089D500CCADA0 /* AuthenticationViewController.m */; };
		1CCD828E15DA1C450012F37D /* 57x57.png in Resources */ = {isa = PBXBuildFile; fileRef = 1CCD828D15DA1C450012F37D /* 57x57.png */; };
		1CCD829115DA1C480012F37D /* 114x114.png in Resources */ = {isa = PBXBuildFile; fileRef = 1CCD829015DA1C480012F37D /* 114x114.png */; };
		1CCD82A315DA3F010012F37D /* MapKit.framework in Frameworks */ = {isa = PBXBuildFile; fileRef = 1CCD82A215DA3F010012F37D /* MapKit.framework */; };
		1CF7C2BC15C92FC9005A755D /* UIKit.framework in Frameworks */ = {isa = PBXBuildFile; fileRef = 1CF7C2BB15C92FC9005A755D /* UIKit.framework */; };
		1CF7C2BE15C92FC9005A755D /* Foundation.framework in Frameworks */ = {isa = PBXBuildFile; fileRef = 1CF7C2BD15C92FC9005A755D /* Foundation.framework */; };
		1CF7C2C015C92FC9005A755D /* CoreGraphics.framework in Frameworks */ = {isa = PBXBuildFile; fileRef = 1CF7C2BF15C92FC9005A755D /* CoreGraphics.framework */; };
		1CFE284815CB6275009992B3 /* CFNetwork.framework in Frameworks */ = {isa = PBXBuildFile; fileRef = 1CFE284715CB6275009992B3 /* CFNetwork.framework */; };
		1CFE284A15CB6296009992B3 /* SystemConfiguration.framework in Frameworks */ = {isa = PBXBuildFile; fileRef = 1CFE284915CB6296009992B3 /* SystemConfiguration.framework */; };
		1CFE284C15CB633C009992B3 /* Settings.bundle in Resources */ = {isa = PBXBuildFile; fileRef = 1CFE284B15CB633C009992B3 /* Settings.bundle */; };
		1CFE286D15CB680D009992B3 /* QuartzCore.framework in Frameworks */ = {isa = PBXBuildFile; fileRef = 1CFE286C15CB680D009992B3 /* QuartzCore.framework */; };
		351A36D1162C002400B5EAC3 /* show.png in Resources */ = {isa = PBXBuildFile; fileRef = 351A36D0162C002400B5EAC3 /* show.png */; };
		351A36D7162C144D00B5EAC3 /* btn_home.png in Resources */ = {isa = PBXBuildFile; fileRef = 351A36D6162C144D00B5EAC3 /* btn_home.png */; };
		351A36D9162C2A9900B5EAC3 /* showteam.json in Resources */ = {isa = PBXBuildFile; fileRef = 351A36D8162C2A9900B5EAC3 /* showteam.json */; };
		351A36E5162C2DD200B5EAC3 /* 羅思容與孤毛頭樂團.png in Resources */ = {isa = PBXBuildFile; fileRef = 351A36DA162C2DD100B5EAC3 /* 羅思容與孤毛頭樂團.png */; };
		351A36E6162C2DD200B5EAC3 /* 老鷹印地安樂團.png in Resources */ = {isa = PBXBuildFile; fileRef = 351A36DB162C2DD100B5EAC3 /* 老鷹印地安樂團.png */; };
		351A36E7162C2DD200B5EAC3 /* 牧羊人.png in Resources */ = {isa = PBXBuildFile; fileRef = 351A36DC162C2DD100B5EAC3 /* 牧羊人.png */; };
		351A36E8162C2DD200B5EAC3 /* 查馬打擊樂團.png in Resources */ = {isa = PBXBuildFile; fileRef = 351A36DD162C2DD100B5EAC3 /* 查馬打擊樂團.png */; };
		351A36E9162C2DD200B5EAC3 /* 印尼－森巴巽它.png in Resources */ = {isa = PBXBuildFile; fileRef = 351A36DE162C2DD100B5EAC3 /* 印尼－森巴巽它.png */; };
		351A36EA162C2DD200B5EAC3 /* 落山風的囝仔.png in Resources */ = {isa = PBXBuildFile; fileRef = 351A36DF162C2DD100B5EAC3 /* 落山風的囝仔.png */; };
		351A36EB162C2DD200B5EAC3 /* 張日貴.png in Resources */ = {isa = PBXBuildFile; fileRef = 351A36E0162C2DD100B5EAC3 /* 張日貴.png */; };
		351A36EC162C2DD200B5EAC3 /* 朱丁順阿公.png in Resources */ = {isa = PBXBuildFile; fileRef = 351A36E1162C2DD200B5EAC3 /* 朱丁順阿公.png */; };
		351A36ED162C2DD200B5EAC3 /* 新疆哈薩克－葉爾波利樂隊.png in Resources */ = {isa = PBXBuildFile; fileRef = 351A36E2162C2DD200B5EAC3 /* 新疆哈薩克－葉爾波利樂隊.png */; };
		351A36EE162C2DD200B5EAC3 /* 伊朗－薩邦樂團.png in Resources */ = {isa = PBXBuildFile; fileRef = 351A36E3162C2DD200B5EAC3 /* 伊朗－薩邦樂團.png */; };
		351A36EF162C2DD200B5EAC3 /* 芬蘭－古弦琴樂隊.png in Resources */ = {isa = PBXBuildFile; fileRef = 351A36E4162C2DD200B5EAC3 /* 芬蘭－古弦琴樂隊.png */; };
		351A36F3162C2E2D00B5EAC3 /* ShowTeamViewController.m in Sources */ = {isa = PBXBuildFile; fileRef = 351A36F2162C2E2D00B5EAC3 /* ShowTeamViewController.m */; };
		35429865163105E1005027FC /* show05.png in Resources */ = {isa = PBXBuildFile; fileRef = 35429864163105E1005027FC /* show05.png */; };
		355BCBC9162D45080090966C /* Default.png in Resources */ = {isa = PBXBuildFile; fileRef = 355BCBC8162D45080090966C /* Default.png */; };
		355BCBCB162D45100090966C /* Default@2x.png in Resources */ = {isa = PBXBuildFile; fileRef = 355BCBCA162D45100090966C /* Default@2x.png */; };
		35614A0B16353D6000BA3689 /* CoreVideo.framework in Frameworks */ = {isa = PBXBuildFile; fileRef = 358B4C02160C4F47003BE70C /* CoreVideo.framework */; };
		358B4BD8160C399F003BE70C /* QRcode.png in Resources */ = {isa = PBXBuildFile; fileRef = 358B4BD7160C399F003BE70C /* QRcode.png */; };
		358B4BDA160C4617003BE70C /* mappoi.json in Resources */ = {isa = PBXBuildFile; fileRef = 358B4BD9160C4617003BE70C /* mappoi.json */; };
		358B4C05160C4F5F003BE70C /* libiconv.dylib in Frameworks */ = {isa = PBXBuildFile; fileRef = 358B4C04160C4F5F003BE70C /* libiconv.dylib */; };
		358B4C09160C50E8003BE70C /* EmbedReaderViewController.m in Sources */ = {isa = PBXBuildFile; fileRef = 358B4C08160C50E8003BE70C /* EmbedReaderViewController.m */; };
		358B4C2C160C5538003BE70C /* NSObject+SBJSON.m in Sources */ = {isa = PBXBuildFile; fileRef = 358B4C23160C5538003BE70C /* NSObject+SBJSON.m */; };
		358B4C2D160C5538003BE70C /* NSString+SBJSON.m in Sources */ = {isa = PBXBuildFile; fileRef = 358B4C25160C5538003BE70C /* NSString+SBJSON.m */; };
		358B4C2E160C5538003BE70C /* SBJsonBase.m in Sources */ = {isa = PBXBuildFile; fileRef = 358B4C27160C5538003BE70C /* SBJsonBase.m */; };
		358B4C2F160C5538003BE70C /* SBJsonParser.m in Sources */ = {isa = PBXBuildFile; fileRef = 358B4C29160C5538003BE70C /* SBJsonParser.m */; };
		358B4C30160C5538003BE70C /* SBJsonWriter.m in Sources */ = {isa = PBXBuildFile; fileRef = 358B4C2B160C5538003BE70C /* SBJsonWriter.m */; };
		359BF57C1623AF80009F41B4 /* activity.json in Resources */ = {isa = PBXBuildFile; fileRef = 359BF57B1623AF80009F41B4 /* activity.json */; };
		35C7F033161031B700BF6AB9 /* SWSnapshotStackView.m in Sources */ = {isa = PBXBuildFile; fileRef = 35C7F032161031B700BF6AB9 /* SWSnapshotStackView.m */; };
		35C8F2F5162C32AB003DED1B /* ShowTeamDetailViewController.m in Sources */ = {isa = PBXBuildFile; fileRef = 35C8F2F3162C32AB003DED1B /* ShowTeamDetailViewController.m */; };
		35C8F2F8162C3765003DED1B /* footer.png in Resources */ = {isa = PBXBuildFile; fileRef = 35C8F2F7162C3765003DED1B /* footer.png */; };
		35C8F2FA162C4FE6003DED1B /* bg.png in Resources */ = {isa = PBXBuildFile; fileRef = 35C8F2F9162C4FE6003DED1B /* bg.png */; };
		35EA7CE8160ABF540057EA5A /* Default-568h@2x.png in Resources */ = {isa = PBXBuildFile; fileRef = 35EA7CE7160ABF540057EA5A /* Default-568h@2x.png */; };
		35F17E5B16114C7100B11466 /* libzbar.a in Frameworks */ = {isa = PBXBuildFile; fileRef = 35F17E5516114C7100B11466 /* libzbar.a */; };
		35F17E5C16114C7100B11466 /* zbar-back.png in Resources */ = {isa = PBXBuildFile; fileRef = 35F17E5716114C7100B11466 /* zbar-back.png */; };
		35F17E5D16114C7100B11466 /* zbar-help.html in Resources */ = {isa = PBXBuildFile; fileRef = 35F17E5816114C7100B11466 /* zbar-help.html */; };
		35F17E5E16114C7100B11466 /* zbar-helpicons.png in Resources */ = {isa = PBXBuildFile; fileRef = 35F17E5916114C7100B11466 /* zbar-helpicons.png */; };
		35F17E5F16114C7100B11466 /* zbar-samples.png in Resources */ = {isa = PBXBuildFile; fileRef = 35F17E5A16114C7100B11466 /* zbar-samples.png */; };
		35F17E611611890F00B11466 /* data.plist in Resources */ = {isa = PBXBuildFile; fileRef = 35F17E601611890F00B11466 /* data.plist */; };
		35F4F30F15FD820400148EE7 /* AppDelegate.m in Sources */ = {isa = PBXBuildFile; fileRef = 35F4F1E115FD820400148EE7 /* AppDelegate.m */; };
		35F4F31515FD820400148EE7 /* ASIAuthenticationDialog.m in Sources */ = {isa = PBXBuildFile; fileRef = 35F4F1EA15FD820400148EE7 /* ASIAuthenticationDialog.m */; };
		35F4F31615FD820400148EE7 /* ASIDataCompressor.m in Sources */ = {isa = PBXBuildFile; fileRef = 35F4F1ED15FD820400148EE7 /* ASIDataCompressor.m */; };
		35F4F31715FD820400148EE7 /* ASIDataDecompressor.m in Sources */ = {isa = PBXBuildFile; fileRef = 35F4F1EF15FD820400148EE7 /* ASIDataDecompressor.m */; };
		35F4F31815FD820400148EE7 /* ASIDownloadCache.m in Sources */ = {isa = PBXBuildFile; fileRef = 35F4F1F115FD820400148EE7 /* ASIDownloadCache.m */; };
		35F4F31915FD820400148EE7 /* ASIFormDataRequest.m in Sources */ = {isa = PBXBuildFile; fileRef = 35F4F1F315FD820400148EE7 /* ASIFormDataRequest.m */; };
		35F4F31A15FD820400148EE7 /* ASIHTTPRequest.m in Sources */ = {isa = PBXBuildFile; fileRef = 35F4F1F515FD820400148EE7 /* ASIHTTPRequest.m */; };
		35F4F31B15FD820400148EE7 /* ASIInputStream.m in Sources */ = {isa = PBXBuildFile; fileRef = 35F4F1F915FD820400148EE7 /* ASIInputStream.m */; };
		35F4F31C15FD820400148EE7 /* ASINetworkQueue.m in Sources */ = {isa = PBXBuildFile; fileRef = 35F4F1FB15FD820400148EE7 /* ASINetworkQueue.m */; };
		35F4F31D15FD820400148EE7 /* ASIWebPageRequest.m in Sources */ = {isa = PBXBuildFile; fileRef = 35F4F1FF15FD820400148EE7 /* ASIWebPageRequest.m */; };
		35F4F31E15FD820400148EE7 /* ASICloudFilesCDNRequest.m in Sources */ = {isa = PBXBuildFile; fileRef = 35F4F20215FD820400148EE7 /* ASICloudFilesCDNRequest.m */; };
		35F4F31F15FD820400148EE7 /* ASICloudFilesContainer.m in Sources */ = {isa = PBXBuildFile; fileRef = 35F4F20415FD820400148EE7 /* ASICloudFilesContainer.m */; };
		35F4F32015FD820400148EE7 /* ASICloudFilesContainerRequest.m in Sources */ = {isa = PBXBuildFile; fileRef = 35F4F20615FD820400148EE7 /* ASICloudFilesContainerRequest.m */; };
		35F4F32115FD820400148EE7 /* ASICloudFilesContainerXMLParserDelegate.m in Sources */ = {isa = PBXBuildFile; fileRef = 35F4F20815FD820400148EE7 /* ASICloudFilesContainerXMLParserDelegate.m */; };
		35F4F32215FD820400148EE7 /* ASICloudFilesObject.m in Sources */ = {isa = PBXBuildFile; fileRef = 35F4F20A15FD820400148EE7 /* ASICloudFilesObject.m */; };
		35F4F32315FD820400148EE7 /* ASICloudFilesObjectRequest.m in Sources */ = {isa = PBXBuildFile; fileRef = 35F4F20C15FD820400148EE7 /* ASICloudFilesObjectRequest.m */; };
		35F4F32415FD820400148EE7 /* ASICloudFilesRequest.m in Sources */ = {isa = PBXBuildFile; fileRef = 35F4F20E15FD820400148EE7 /* ASICloudFilesRequest.m */; };
		35F4F32515FD820400148EE7 /* ASIS3Bucket.m in Sources */ = {isa = PBXBuildFile; fileRef = 35F4F21215FD820400148EE7 /* ASIS3Bucket.m */; };
		35F4F32615FD820400148EE7 /* ASIS3BucketObject.m in Sources */ = {isa = PBXBuildFile; fileRef = 35F4F21415FD820400148EE7 /* ASIS3BucketObject.m */; };
		35F4F32715FD820400148EE7 /* ASIS3BucketRequest.m in Sources */ = {isa = PBXBuildFile; fileRef = 35F4F21615FD820400148EE7 /* ASIS3BucketRequest.m */; };
		35F4F32815FD820400148EE7 /* ASIS3ObjectRequest.m in Sources */ = {isa = PBXBuildFile; fileRef = 35F4F21815FD820400148EE7 /* ASIS3ObjectRequest.m */; };
		35F4F32915FD820400148EE7 /* ASIS3Request.m in Sources */ = {isa = PBXBuildFile; fileRef = 35F4F21A15FD820400148EE7 /* ASIS3Request.m */; };
		35F4F32A15FD820400148EE7 /* ASIS3ServiceRequest.m in Sources */ = {isa = PBXBuildFile; fileRef = 35F4F21C15FD820400148EE7 /* ASIS3ServiceRequest.m */; };
		35F4F33C15FD820400148EE7 /* Reachability.m in Sources */ = {isa = PBXBuildFile; fileRef = 35F4F24615FD820400148EE7 /* Reachability.m */; };
		35F4F33D15FD820400148EE7 /* active.png in Resources */ = {isa = PBXBuildFile; fileRef = 35F4F24815FD820400148EE7 /* active.png */; };
		35F4F33F15FD820400148EE7 /* BackgroundNoLogos.png in Resources */ = {isa = PBXBuildFile; fileRef = 35F4F24A15FD820400148EE7 /* BackgroundNoLogos.png */; };
		35F4F34115FD820400148EE7 /* black_bar.png in Resources */ = {isa = PBXBuildFile; fileRef = 35F4F24C15FD820400148EE7 /* black_bar.png */; };
		35F4F36215FD820400148EE7 /* image1.png in Resources */ = {isa = PBXBuildFile; fileRef = 35F4F27015FD820400148EE7 /* image1.png */; };
		35F4F36315FD820400148EE7 /* bottomRow.png in Resources */ = {isa = PBXBuildFile; fileRef = 35F4F27215FD820400148EE7 /* bottomRow.png */; };
		35F4F36415FD820400148EE7 /* bottomRowSelected.png in Resources */ = {isa = PBXBuildFile; fileRef = 35F4F27315FD820400148EE7 /* bottomRowSelected.png */; };
		35F4F36515FD820400148EE7 /* gradientBackground.png in Resources */ = {isa = PBXBuildFile; fileRef = 35F4F27415FD820400148EE7 /* gradientBackground.png */; };
		35F4F36615FD820400148EE7 /* indicator.png in Resources */ = {isa = PBXBuildFile; fileRef = 35F4F27515FD820400148EE7 /* indicator.png */; };
		35F4F36715FD820400148EE7 /* middleRow.png in Resources */ = {isa = PBXBuildFile; fileRef = 35F4F27615FD820400148EE7 /* middleRow.png */; };
		35F4F36815FD820400148EE7 /* middleRowSelected.png in Resources */ = {isa = PBXBuildFile; fileRef = 35F4F27715FD820400148EE7 /* middleRowSelected.png */; };
		35F4F36915FD820400148EE7 /* topAndBottomRow.png in Resources */ = {isa = PBXBuildFile; fileRef = 35F4F27815FD820400148EE7 /* topAndBottomRow.png */; };
		35F4F36A15FD820400148EE7 /* topAndBottomRowSelected.png in Resources */ = {isa = PBXBuildFile; fileRef = 35F4F27915FD820400148EE7 /* topAndBottomRowSelected.png */; };
		35F4F36B15FD820400148EE7 /* topRow.png in Resources */ = {isa = PBXBuildFile; fileRef = 35F4F27A15FD820400148EE7 /* topRow.png */; };
		35F4F36C15FD820400148EE7 /* topRowSelected.png in Resources */ = {isa = PBXBuildFile; fileRef = 35F4F27B15FD820400148EE7 /* topRowSelected.png */; };
		35F4F36D15FD820400148EE7 /* list.png in Resources */ = {isa = PBXBuildFile; fileRef = 35F4F27C15FD820400148EE7 /* list.png */; };
		35F4F36E15FD820400148EE7 /* map.png in Resources */ = {isa = PBXBuildFile; fileRef = 35F4F27D15FD820400148EE7 /* map.png */; };
		35F4F36F15FD820400148EE7 /* path.png in Resources */ = {isa = PBXBuildFile; fileRef = 35F4F27E15FD820400148EE7 /* path.png */; };
		35F4F38315FD820400148EE7 /* unactive.png in Resources */ = {isa = PBXBuildFile; fileRef = 35F4F29315FD820400148EE7 /* unactive.png */; };
		35F4F38915FD820400148EE7 /* TDBadgedCell.m in Sources */ = {isa = PBXBuildFile; fileRef = 35F4F29E15FD820400148EE7 /* TDBadgedCell.m */; };
		35F4F39315FD820400148EE7 /* MBProgressHUD.m in Sources */ = {isa = PBXBuildFile; fileRef = 35F4F2B515FD820400148EE7 /* MBProgressHUD.m */; };
		35F4F39415FD820400148EE7 /* MyAnnotation.m in Sources */ = {isa = PBXBuildFile; fileRef = 35F4F2B815FD820400148EE7 /* MyAnnotation.m */; };
		35F4F3A715FD820400148EE7 /* MarqueeLabel.m in Sources */ = {isa = PBXBuildFile; fileRef = 35F4F2E815FD820400148EE7 /* MarqueeLabel.m */; };
		35F4F3A815FD820400148EE7 /* DataHelper.m in Sources */ = {isa = PBXBuildFile; fileRef = 35F4F2EB15FD820400148EE7 /* DataHelper.m */; };
		35F4F3A915FD820400148EE7 /* DirectionsMap.m in Sources */ = {isa = PBXBuildFile; fileRef = 35F4F2ED15FD820400148EE7 /* DirectionsMap.m */; };
		35F4F3AA15FD820400148EE7 /* StringHelper.m in Sources */ = {isa = PBXBuildFile; fileRef = 35F4F2EF15FD820400148EE7 /* StringHelper.m */; };
		35F4F3B115FD820400148EE7 /* HospitalUnitViewController.m in Sources */ = {isa = PBXBuildFile; fileRef = 35F4F30115FD820400148EE7 /* HospitalUnitViewController.m */; };
		35F4F3B315FD820400148EE7 /* UnitDetailViewController.m in Sources */ = {isa = PBXBuildFile; fileRef = 35F4F30615FD820400148EE7 /* UnitDetailViewController.m */; };
		35F4F3B515FD820400148EE7 /* bg-yellow.png in Resources */ = {isa = PBXBuildFile; fileRef = 35F4F30B15FD820400148EE7 /* bg-yellow.png */; };
		35F4F3B615FD820400148EE7 /* bg-yellow@2x.png in Resources */ = {isa = PBXBuildFile; fileRef = 35F4F30C15FD820400148EE7 /* bg-yellow@2x.png */; };
		35F4F3B715FD820400148EE7 /* YRDropdownView.m in Sources */ = {isa = PBXBuildFile; fileRef = 35F4F30E15FD820400148EE7 /* YRDropdownView.m */; };
		35F4F3C115FD861000148EE7 /* main.m in Sources */ = {isa = PBXBuildFile; fileRef = 35F4F3BF15FD861000148EE7 /* main.m */; };
/* End PBXBuildFile section */

/* Begin PBXFileReference section */
		1C05153915DB3EBB00AFEC58 /* AVFoundation.framework */ = {isa = PBXFileReference; lastKnownFileType = wrapper.framework; name = AVFoundation.framework; path = System/Library/Frameworks/AVFoundation.framework; sourceTree = SDKROOT; };
		1C05153B15DB3F6600AFEC58 /* CoreMedia.framework */ = {isa = PBXFileReference; lastKnownFileType = wrapper.framework; name = CoreMedia.framework; path = System/Library/Frameworks/CoreMedia.framework; sourceTree = SDKROOT; };
		1C05153D15DB3F7000AFEC58 /* CoreMotion.framework */ = {isa = PBXFileReference; lastKnownFileType = wrapper.framework; name = CoreMotion.framework; path = System/Library/Frameworks/CoreMotion.framework; sourceTree = SDKROOT; };
		1C05153F15DB3F7900AFEC58 /* OpenGLES.framework */ = {isa = PBXFileReference; lastKnownFileType = wrapper.framework; name = OpenGLES.framework; path = System/Library/Frameworks/OpenGLES.framework; sourceTree = SDKROOT; };
		1C0CF8DB15E210E2009F47B5 /* libxml2.dylib */ = {isa = PBXFileReference; lastKnownFileType = "compiled.mach-o.dylib"; name = libxml2.dylib; path = usr/lib/libxml2.dylib; sourceTree = SDKROOT; };
		1C0CF8DE15E211C9009F47B5 /* libz.dylib */ = {isa = PBXFileReference; lastKnownFileType = "compiled.mach-o.dylib"; name = libz.dylib; path = usr/lib/libz.dylib; sourceTree = SDKROOT; };
		1C0CF8E315E21267009F47B5 /* MobileCoreServices.framework */ = {isa = PBXFileReference; lastKnownFileType = wrapper.framework; name = MobileCoreServices.framework; path = System/Library/Frameworks/MobileCoreServices.framework; sourceTree = SDKROOT; };
		1C66D0FE15D0AADC00A59637 /* libsqlite3.dylib */ = {isa = PBXFileReference; lastKnownFileType = "compiled.mach-o.dylib"; name = libsqlite3.dylib; path = usr/lib/libsqlite3.dylib; sourceTree = SDKROOT; };
		1C66D16815D11DB600A59637 /* AudioToolbox.framework */ = {isa = PBXFileReference; lastKnownFileType = wrapper.framework; name = AudioToolbox.framework; path = System/Library/Frameworks/AudioToolbox.framework; sourceTree = SDKROOT; };
		1C80A50115D258E40072C003 /* CoreLocation.framework */ = {isa = PBXFileReference; lastKnownFileType = wrapper.framework; name = CoreLocation.framework; path = System/Library/Frameworks/CoreLocation.framework; sourceTree = SDKROOT; };
		1CADF561160089D500CCADA0 /* AuthenticationViewController.h */ = {isa = PBXFileReference; fileEncoding = 4; lastKnownFileType = sourcecode.c.h; path = AuthenticationViewController.h; sourceTree = "<group>"; };
		1CADF562160089D500CCADA0 /* AuthenticationViewController.m */ = {isa = PBXFileReference; fileEncoding = 4; lastKnownFileType = sourcecode.c.objc; path = AuthenticationViewController.m; sourceTree = "<group>"; };
		1CCD828D15DA1C450012F37D /* 57x57.png */ = {isa = PBXFileReference; lastKnownFileType = image.png; path = 57x57.png; sourceTree = "<group>"; };
		1CCD829015DA1C480012F37D /* 114x114.png */ = {isa = PBXFileReference; lastKnownFileType = image.png; path = 114x114.png; sourceTree = "<group>"; };
		1CCD82A215DA3F010012F37D /* MapKit.framework */ = {isa = PBXFileReference; lastKnownFileType = wrapper.framework; name = MapKit.framework; path = System/Library/Frameworks/MapKit.framework; sourceTree = SDKROOT; };
		1CF7C2B715C92FC9005A755D /* 民謠踩點趴趴GO.app */ = {isa = PBXFileReference; explicitFileType = wrapper.application; includeInIndex = 0; path = "民謠踩點趴趴GO.app"; sourceTree = BUILT_PRODUCTS_DIR; };
		1CF7C2BB15C92FC9005A755D /* UIKit.framework */ = {isa = PBXFileReference; lastKnownFileType = wrapper.framework; name = UIKit.framework; path = System/Library/Frameworks/UIKit.framework; sourceTree = SDKROOT; };
		1CF7C2BD15C92FC9005A755D /* Foundation.framework */ = {isa = PBXFileReference; lastKnownFileType = wrapper.framework; name = Foundation.framework; path = System/Library/Frameworks/Foundation.framework; sourceTree = SDKROOT; };
		1CF7C2BF15C92FC9005A755D /* CoreGraphics.framework */ = {isa = PBXFileReference; lastKnownFileType = wrapper.framework; name = CoreGraphics.framework; path = System/Library/Frameworks/CoreGraphics.framework; sourceTree = SDKROOT; };
		1CFE284715CB6275009992B3 /* CFNetwork.framework */ = {isa = PBXFileReference; lastKnownFileType = wrapper.framework; name = CFNetwork.framework; path = System/Library/Frameworks/CFNetwork.framework; sourceTree = SDKROOT; };
		1CFE284915CB6296009992B3 /* SystemConfiguration.framework */ = {isa = PBXFileReference; lastKnownFileType = wrapper.framework; name = SystemConfiguration.framework; path = System/Library/Frameworks/SystemConfiguration.framework; sourceTree = SDKROOT; };
		1CFE284B15CB633C009992B3 /* Settings.bundle */ = {isa = PBXFileReference; lastKnownFileType = "wrapper.plug-in"; path = Settings.bundle; sourceTree = "<group>"; };
		1CFE286C15CB680D009992B3 /* QuartzCore.framework */ = {isa = PBXFileReference; lastKnownFileType = wrapper.framework; name = QuartzCore.framework; path = System/Library/Frameworks/QuartzCore.framework; sourceTree = SDKROOT; };
		351A36D0162C002400B5EAC3 /* show.png */ = {isa = PBXFileReference; lastKnownFileType = image.png; path = show.png; sourceTree = "<group>"; };
		351A36D6162C144D00B5EAC3 /* btn_home.png */ = {isa = PBXFileReference; lastKnownFileType = image.png; path = btn_home.png; sourceTree = "<group>"; };
		351A36D8162C2A9900B5EAC3 /* showteam.json */ = {isa = PBXFileReference; fileEncoding = 4; lastKnownFileType = text.json; path = showteam.json; sourceTree = "<group>"; };
		351A36DA162C2DD100B5EAC3 /* 羅思容與孤毛頭樂團.png */ = {isa = PBXFileReference; lastKnownFileType = image.png; path = "羅思容與孤毛頭樂團.png"; sourceTree = "<group>"; };
		351A36DB162C2DD100B5EAC3 /* 老鷹印地安樂團.png */ = {isa = PBXFileReference; lastKnownFileType = image.png; path = "老鷹印地安樂團.png"; sourceTree = "<group>"; };
		351A36DC162C2DD100B5EAC3 /* 牧羊人.png */ = {isa = PBXFileReference; lastKnownFileType = image.png; path = "牧羊人.png"; sourceTree = "<group>"; };
		351A36DD162C2DD100B5EAC3 /* 查馬打擊樂團.png */ = {isa = PBXFileReference; lastKnownFileType = image.png; path = "查馬打擊樂團.png"; sourceTree = "<group>"; };
		351A36DE162C2DD100B5EAC3 /* 印尼－森巴巽它.png */ = {isa = PBXFileReference; lastKnownFileType = image.png; path = "印尼－森巴巽它.png"; sourceTree = "<group>"; };
		351A36DF162C2DD100B5EAC3 /* 落山風的囝仔.png */ = {isa = PBXFileReference; lastKnownFileType = image.png; path = "落山風的囝仔.png"; sourceTree = "<group>"; };
		351A36E0162C2DD100B5EAC3 /* 張日貴.png */ = {isa = PBXFileReference; lastKnownFileType = image.png; path = "張日貴.png"; sourceTree = "<group>"; };
		351A36E1162C2DD200B5EAC3 /* 朱丁順阿公.png */ = {isa = PBXFileReference; lastKnownFileType = image.png; path = "朱丁順阿公.png"; sourceTree = "<group>"; };
		351A36E2162C2DD200B5EAC3 /* 新疆哈薩克－葉爾波利樂隊.png */ = {isa = PBXFileReference; lastKnownFileType = image.png; path = "新疆哈薩克－葉爾波利樂隊.png"; sourceTree = "<group>"; };
		351A36E3162C2DD200B5EAC3 /* 伊朗－薩邦樂團.png */ = {isa = PBXFileReference; lastKnownFileType = image.png; path = "伊朗－薩邦樂團.png"; sourceTree = "<group>"; };
		351A36E4162C2DD200B5EAC3 /* 芬蘭－古弦琴樂隊.png */ = {isa = PBXFileReference; lastKnownFileType = image.png; path = "芬蘭－古弦琴樂隊.png"; sourceTree = "<group>"; };
		351A36F1162C2E2D00B5EAC3 /* ShowTeamViewController.h */ = {isa = PBXFileReference; fileEncoding = 4; lastKnownFileType = sourcecode.c.h; path = ShowTeamViewController.h; sourceTree = "<group>"; };
		351A36F2162C2E2D00B5EAC3 /* ShowTeamViewController.m */ = {isa = PBXFileReference; fileEncoding = 4; lastKnownFileType = sourcecode.c.objc; path = ShowTeamViewController.m; sourceTree = "<group>"; };
		35429864163105E1005027FC /* show05.png */ = {isa = PBXFileReference; lastKnownFileType = image.png; path = show05.png; sourceTree = "<group>"; };
		355BCBC8162D45080090966C /* Default.png */ = {isa = PBXFileReference; lastKnownFileType = image.png; path = Default.png; sourceTree = "<group>"; };
		355BCBCA162D45100090966C /* Default@2x.png */ = {isa = PBXFileReference; lastKnownFileType = image.png; path = "Default@2x.png"; sourceTree = "<group>"; };
		358B4BD7160C399F003BE70C /* QRcode.png */ = {isa = PBXFileReference; lastKnownFileType = image.png; path = QRcode.png; sourceTree = "<group>"; };
		358B4BD9160C4617003BE70C /* mappoi.json */ = {isa = PBXFileReference; fileEncoding = 4; lastKnownFileType = text.json; path = mappoi.json; sourceTree = "<group>"; };
		358B4C02160C4F47003BE70C /* CoreVideo.framework */ = {isa = PBXFileReference; lastKnownFileType = wrapper.framework; name = CoreVideo.framework; path = System/Library/Frameworks/CoreVideo.framework; sourceTree = SDKROOT; };
		358B4C04160C4F5F003BE70C /* libiconv.dylib */ = {isa = PBXFileReference; lastKnownFileType = "compiled.mach-o.dylib"; name = libiconv.dylib; path = usr/lib/libiconv.dylib; sourceTree = SDKROOT; };
		358B4C07160C50E8003BE70C /* EmbedReaderViewController.h */ = {isa = PBXFileReference; fileEncoding = 4; lastKnownFileType = sourcecode.c.h; path = EmbedReaderViewController.h; sourceTree = "<group>"; };
		358B4C08160C50E8003BE70C /* EmbedReaderViewController.m */ = {isa = PBXFileReference; fileEncoding = 4; lastKnownFileType = sourcecode.c.objc; path = EmbedReaderViewController.m; sourceTree = "<group>"; };
		358B4C21160C5538003BE70C /* JSON.h */ = {isa = PBXFileReference; fileEncoding = 4; lastKnownFileType = sourcecode.c.h; path = JSON.h; sourceTree = "<group>"; };
		358B4C22160C5538003BE70C /* NSObject+SBJSON.h */ = {isa = PBXFileReference; fileEncoding = 4; lastKnownFileType = sourcecode.c.h; path = "NSObject+SBJSON.h"; sourceTree = "<group>"; };
		358B4C23160C5538003BE70C /* NSObject+SBJSON.m */ = {isa = PBXFileReference; fileEncoding = 4; lastKnownFileType = sourcecode.c.objc; path = "NSObject+SBJSON.m"; sourceTree = "<group>"; };
		358B4C24160C5538003BE70C /* NSString+SBJSON.h */ = {isa = PBXFileReference; fileEncoding = 4; lastKnownFileType = sourcecode.c.h; path = "NSString+SBJSON.h"; sourceTree = "<group>"; };
		358B4C25160C5538003BE70C /* NSString+SBJSON.m */ = {isa = PBXFileReference; fileEncoding = 4; lastKnownFileType = sourcecode.c.objc; path = "NSString+SBJSON.m"; sourceTree = "<group>"; };
		358B4C26160C5538003BE70C /* SBJsonBase.h */ = {isa = PBXFileReference; fileEncoding = 4; lastKnownFileType = sourcecode.c.h; path = SBJsonBase.h; sourceTree = "<group>"; };
		358B4C27160C5538003BE70C /* SBJsonBase.m */ = {isa = PBXFileReference; fileEncoding = 4; lastKnownFileType = sourcecode.c.objc; path = SBJsonBase.m; sourceTree = "<group>"; };
		358B4C28160C5538003BE70C /* SBJsonParser.h */ = {isa = PBXFileReference; fileEncoding = 4; lastKnownFileType = sourcecode.c.h; path = SBJsonParser.h; sourceTree = "<group>"; };
		358B4C29160C5538003BE70C /* SBJsonParser.m */ = {isa = PBXFileReference; fileEncoding = 4; lastKnownFileType = sourcecode.c.objc; path = SBJsonParser.m; sourceTree = "<group>"; };
		358B4C2A160C5538003BE70C /* SBJsonWriter.h */ = {isa = PBXFileReference; fileEncoding = 4; lastKnownFileType = sourcecode.c.h; path = SBJsonWriter.h; sourceTree = "<group>"; };
		358B4C2B160C5538003BE70C /* SBJsonWriter.m */ = {isa = PBXFileReference; fileEncoding = 4; lastKnownFileType = sourcecode.c.objc; path = SBJsonWriter.m; sourceTree = "<group>"; };
		359BF57B1623AF80009F41B4 /* activity.json */ = {isa = PBXFileReference; fileEncoding = 4; lastKnownFileType = text.json; path = activity.json; sourceTree = "<group>"; };
		35C7F031161031B700BF6AB9 /* SWSnapshotStackView.h */ = {isa = PBXFileReference; fileEncoding = 4; lastKnownFileType = sourcecode.c.h; path = SWSnapshotStackView.h; sourceTree = "<group>"; };
		35C7F032161031B700BF6AB9 /* SWSnapshotStackView.m */ = {isa = PBXFileReference; fileEncoding = 4; lastKnownFileType = sourcecode.c.objc; path = SWSnapshotStackView.m; sourceTree = "<group>"; };
		35C8F2F3162C32AB003DED1B /* ShowTeamDetailViewController.m */ = {isa = PBXFileReference; fileEncoding = 4; lastKnownFileType = sourcecode.c.objc; path = ShowTeamDetailViewController.m; sourceTree = "<group>"; };
		35C8F2F4162C32AB003DED1B /* ShowTeamDetailViewController.h */ = {isa = PBXFileReference; fileEncoding = 4; lastKnownFileType = sourcecode.c.h; path = ShowTeamDetailViewController.h; sourceTree = "<group>"; };
		35C8F2F7162C3765003DED1B /* footer.png */ = {isa = PBXFileReference; lastKnownFileType = image.png; path = footer.png; sourceTree = "<group>"; };
		35C8F2F9162C4FE6003DED1B /* bg.png */ = {isa = PBXFileReference; lastKnownFileType = image.png; path = bg.png; sourceTree = "<group>"; };
		35EA7CE7160ABF540057EA5A /* Default-568h@2x.png */ = {isa = PBXFileReference; lastKnownFileType = image.png; path = "Default-568h@2x.png"; sourceTree = "<group>"; };
		35F17E4116114C7100B11466 /* Decoder.h */ = {isa = PBXFileReference; fileEncoding = 4; lastKnownFileType = sourcecode.c.h; path = Decoder.h; sourceTree = "<group>"; };
		35F17E4216114C7100B11466 /* Exception.h */ = {isa = PBXFileReference; fileEncoding = 4; lastKnownFileType = sourcecode.c.h; path = Exception.h; sourceTree = "<group>"; };
		35F17E4316114C7100B11466 /* Image.h */ = {isa = PBXFileReference; fileEncoding = 4; lastKnownFileType = sourcecode.c.h; path = Image.h; sourceTree = "<group>"; };
		35F17E4416114C7100B11466 /* ImageScanner.h */ = {isa = PBXFileReference; fileEncoding = 4; lastKnownFileType = sourcecode.c.h; path = ImageScanner.h; sourceTree = "<group>"; };
		35F17E4516114C7100B11466 /* Processor.h */ = {isa = PBXFileReference; fileEncoding = 4; lastKnownFileType = sourcecode.c.h; path = Processor.h; sourceTree = "<group>"; };
		35F17E4616114C7100B11466 /* Scanner.h */ = {isa = PBXFileReference; fileEncoding = 4; lastKnownFileType = sourcecode.c.h; path = Scanner.h; sourceTree = "<group>"; };
		35F17E4716114C7100B11466 /* Symbol.h */ = {isa = PBXFileReference; fileEncoding = 4; lastKnownFileType = sourcecode.c.h; path = Symbol.h; sourceTree = "<group>"; };
		35F17E4816114C7100B11466 /* Video.h */ = {isa = PBXFileReference; fileEncoding = 4; lastKnownFileType = sourcecode.c.h; path = Video.h; sourceTree = "<group>"; };
		35F17E4916114C7100B11466 /* Window.h */ = {isa = PBXFileReference; fileEncoding = 4; lastKnownFileType = sourcecode.c.h; path = Window.h; sourceTree = "<group>"; };
		35F17E4A16114C7100B11466 /* zbar.h */ = {isa = PBXFileReference; fileEncoding = 4; lastKnownFileType = sourcecode.c.h; path = zbar.h; sourceTree = "<group>"; };
		35F17E4B16114C7100B11466 /* ZBarCameraSimulator.h */ = {isa = PBXFileReference; fileEncoding = 4; lastKnownFileType = sourcecode.c.h; path = ZBarCameraSimulator.h; sourceTree = "<group>"; };
		35F17E4C16114C7100B11466 /* ZBarCaptureReader.h */ = {isa = PBXFileReference; fileEncoding = 4; lastKnownFileType = sourcecode.c.h; path = ZBarCaptureReader.h; sourceTree = "<group>"; };
		35F17E4D16114C7100B11466 /* ZBarHelpController.h */ = {isa = PBXFileReference; fileEncoding = 4; lastKnownFileType = sourcecode.c.h; path = ZBarHelpController.h; sourceTree = "<group>"; };
		35F17E4E16114C7100B11466 /* ZBarImage.h */ = {isa = PBXFileReference; fileEncoding = 4; lastKnownFileType = sourcecode.c.h; path = ZBarImage.h; sourceTree = "<group>"; };
		35F17E4F16114C7100B11466 /* ZBarImageScanner.h */ = {isa = PBXFileReference; fileEncoding = 4; lastKnownFileType = sourcecode.c.h; path = ZBarImageScanner.h; sourceTree = "<group>"; };
		35F17E5016114C7100B11466 /* ZBarReaderController.h */ = {isa = PBXFileReference; fileEncoding = 4; lastKnownFileType = sourcecode.c.h; path = ZBarReaderController.h; sourceTree = "<group>"; };
		35F17E5116114C7100B11466 /* ZBarReaderView.h */ = {isa = PBXFileReference; fileEncoding = 4; lastKnownFileType = sourcecode.c.h; path = ZBarReaderView.h; sourceTree = "<group>"; };
		35F17E5216114C7100B11466 /* ZBarReaderViewController.h */ = {isa = PBXFileReference; fileEncoding = 4; lastKnownFileType = sourcecode.c.h; path = ZBarReaderViewController.h; sourceTree = "<group>"; };
		35F17E5316114C7100B11466 /* ZBarSDK.h */ = {isa = PBXFileReference; fileEncoding = 4; lastKnownFileType = sourcecode.c.h; path = ZBarSDK.h; sourceTree = "<group>"; };
		35F17E5416114C7100B11466 /* ZBarSymbol.h */ = {isa = PBXFileReference; fileEncoding = 4; lastKnownFileType = sourcecode.c.h; path = ZBarSymbol.h; sourceTree = "<group>"; };
		35F17E5516114C7100B11466 /* libzbar.a */ = {isa = PBXFileReference; lastKnownFileType = archive.ar; path = libzbar.a; sourceTree = "<group>"; };
		35F17E5716114C7100B11466 /* zbar-back.png */ = {isa = PBXFileReference; lastKnownFileType = image.png; path = "zbar-back.png"; sourceTree = "<group>"; };
		35F17E5816114C7100B11466 /* zbar-help.html */ = {isa = PBXFileReference; fileEncoding = 4; lastKnownFileType = text.html; path = "zbar-help.html"; sourceTree = "<group>"; };
		35F17E5916114C7100B11466 /* zbar-helpicons.png */ = {isa = PBXFileReference; lastKnownFileType = image.png; path = "zbar-helpicons.png"; sourceTree = "<group>"; };
		35F17E5A16114C7100B11466 /* zbar-samples.png */ = {isa = PBXFileReference; lastKnownFileType = image.png; path = "zbar-samples.png"; sourceTree = "<group>"; };
		35F17E601611890F00B11466 /* data.plist */ = {isa = PBXFileReference; fileEncoding = 4; lastKnownFileType = text.plist.xml; path = data.plist; sourceTree = "<group>"; };
		35F4F1E015FD820400148EE7 /* AppDelegate.h */ = {isa = PBXFileReference; fileEncoding = 4; lastKnownFileType = sourcecode.c.h; path = AppDelegate.h; sourceTree = "<group>"; };
		35F4F1E115FD820400148EE7 /* AppDelegate.m */ = {isa = PBXFileReference; fileEncoding = 4; lastKnownFileType = sourcecode.c.objc; path = AppDelegate.m; sourceTree = "<group>"; };
		35F4F1E915FD820400148EE7 /* ASIAuthenticationDialog.h */ = {isa = PBXFileReference; fileEncoding = 4; lastKnownFileType = sourcecode.c.h; path = ASIAuthenticationDialog.h; sourceTree = "<group>"; };
		35F4F1EA15FD820400148EE7 /* ASIAuthenticationDialog.m */ = {isa = PBXFileReference; fileEncoding = 4; lastKnownFileType = sourcecode.c.objc; path = ASIAuthenticationDialog.m; sourceTree = "<group>"; };
		35F4F1EB15FD820400148EE7 /* ASICacheDelegate.h */ = {isa = PBXFileReference; fileEncoding = 4; lastKnownFileType = sourcecode.c.h; path = ASICacheDelegate.h; sourceTree = "<group>"; };
		35F4F1EC15FD820400148EE7 /* ASIDataCompressor.h */ = {isa = PBXFileReference; fileEncoding = 4; lastKnownFileType = sourcecode.c.h; path = ASIDataCompressor.h; sourceTree = "<group>"; };
		35F4F1ED15FD820400148EE7 /* ASIDataCompressor.m */ = {isa = PBXFileReference; fileEncoding = 4; lastKnownFileType = sourcecode.c.objc; path = ASIDataCompressor.m; sourceTree = "<group>"; };
		35F4F1EE15FD820400148EE7 /* ASIDataDecompressor.h */ = {isa = PBXFileReference; fileEncoding = 4; lastKnownFileType = sourcecode.c.h; path = ASIDataDecompressor.h; sourceTree = "<group>"; };
		35F4F1EF15FD820400148EE7 /* ASIDataDecompressor.m */ = {isa = PBXFileReference; fileEncoding = 4; lastKnownFileType = sourcecode.c.objc; path = ASIDataDecompressor.m; sourceTree = "<group>"; };
		35F4F1F015FD820400148EE7 /* ASIDownloadCache.h */ = {isa = PBXFileReference; fileEncoding = 4; lastKnownFileType = sourcecode.c.h; path = ASIDownloadCache.h; sourceTree = "<group>"; };
		35F4F1F115FD820400148EE7 /* ASIDownloadCache.m */ = {isa = PBXFileReference; fileEncoding = 4; lastKnownFileType = sourcecode.c.objc; path = ASIDownloadCache.m; sourceTree = "<group>"; };
		35F4F1F215FD820400148EE7 /* ASIFormDataRequest.h */ = {isa = PBXFileReference; fileEncoding = 4; lastKnownFileType = sourcecode.c.h; path = ASIFormDataRequest.h; sourceTree = "<group>"; };
		35F4F1F315FD820400148EE7 /* ASIFormDataRequest.m */ = {isa = PBXFileReference; fileEncoding = 4; lastKnownFileType = sourcecode.c.objc; path = ASIFormDataRequest.m; sourceTree = "<group>"; };
		35F4F1F415FD820400148EE7 /* ASIHTTPRequest.h */ = {isa = PBXFileReference; fileEncoding = 4; lastKnownFileType = sourcecode.c.h; path = ASIHTTPRequest.h; sourceTree = "<group>"; };
		35F4F1F515FD820400148EE7 /* ASIHTTPRequest.m */ = {isa = PBXFileReference; fileEncoding = 4; lastKnownFileType = sourcecode.c.objc; path = ASIHTTPRequest.m; sourceTree = "<group>"; };
		35F4F1F615FD820400148EE7 /* ASIHTTPRequestConfig.h */ = {isa = PBXFileReference; fileEncoding = 4; lastKnownFileType = sourcecode.c.h; path = ASIHTTPRequestConfig.h; sourceTree = "<group>"; };
		35F4F1F715FD820400148EE7 /* ASIHTTPRequestDelegate.h */ = {isa = PBXFileReference; fileEncoding = 4; lastKnownFileType = sourcecode.c.h; path = ASIHTTPRequestDelegate.h; sourceTree = "<group>"; };
		35F4F1F815FD820400148EE7 /* ASIInputStream.h */ = {isa = PBXFileReference; fileEncoding = 4; lastKnownFileType = sourcecode.c.h; path = ASIInputStream.h; sourceTree = "<group>"; };
		35F4F1F915FD820400148EE7 /* ASIInputStream.m */ = {isa = PBXFileReference; fileEncoding = 4; lastKnownFileType = sourcecode.c.objc; path = ASIInputStream.m; sourceTree = "<group>"; };
		35F4F1FA15FD820400148EE7 /* ASINetworkQueue.h */ = {isa = PBXFileReference; fileEncoding = 4; lastKnownFileType = sourcecode.c.h; path = ASINetworkQueue.h; sourceTree = "<group>"; };
		35F4F1FB15FD820400148EE7 /* ASINetworkQueue.m */ = {isa = PBXFileReference; fileEncoding = 4; lastKnownFileType = sourcecode.c.objc; path = ASINetworkQueue.m; sourceTree = "<group>"; };
		35F4F1FC15FD820400148EE7 /* ASIProgressDelegate.h */ = {isa = PBXFileReference; fileEncoding = 4; lastKnownFileType = sourcecode.c.h; path = ASIProgressDelegate.h; sourceTree = "<group>"; };
		35F4F1FE15FD820400148EE7 /* ASIWebPageRequest.h */ = {isa = PBXFileReference; fileEncoding = 4; lastKnownFileType = sourcecode.c.h; path = ASIWebPageRequest.h; sourceTree = "<group>"; };
		35F4F1FF15FD820400148EE7 /* ASIWebPageRequest.m */ = {isa = PBXFileReference; fileEncoding = 4; lastKnownFileType = sourcecode.c.objc; path = ASIWebPageRequest.m; sourceTree = "<group>"; };
		35F4F20115FD820400148EE7 /* ASICloudFilesCDNRequest.h */ = {isa = PBXFileReference; fileEncoding = 4; lastKnownFileType = sourcecode.c.h; path = ASICloudFilesCDNRequest.h; sourceTree = "<group>"; };
		35F4F20215FD820400148EE7 /* ASICloudFilesCDNRequest.m */ = {isa = PBXFileReference; fileEncoding = 4; lastKnownFileType = sourcecode.c.objc; path = ASICloudFilesCDNRequest.m; sourceTree = "<group>"; };
		35F4F20315FD820400148EE7 /* ASICloudFilesContainer.h */ = {isa = PBXFileReference; fileEncoding = 4; lastKnownFileType = sourcecode.c.h; path = ASICloudFilesContainer.h; sourceTree = "<group>"; };
		35F4F20415FD820400148EE7 /* ASICloudFilesContainer.m */ = {isa = PBXFileReference; fileEncoding = 4; lastKnownFileType = sourcecode.c.objc; path = ASICloudFilesContainer.m; sourceTree = "<group>"; };
		35F4F20515FD820400148EE7 /* ASICloudFilesContainerRequest.h */ = {isa = PBXFileReference; fileEncoding = 4; lastKnownFileType = sourcecode.c.h; path = ASICloudFilesContainerRequest.h; sourceTree = "<group>"; };
		35F4F20615FD820400148EE7 /* ASICloudFilesContainerRequest.m */ = {isa = PBXFileReference; fileEncoding = 4; lastKnownFileType = sourcecode.c.objc; path = ASICloudFilesContainerRequest.m; sourceTree = "<group>"; };
		35F4F20715FD820400148EE7 /* ASICloudFilesContainerXMLParserDelegate.h */ = {isa = PBXFileReference; fileEncoding = 4; lastKnownFileType = sourcecode.c.h; path = ASICloudFilesContainerXMLParserDelegate.h; sourceTree = "<group>"; };
		35F4F20815FD820400148EE7 /* ASICloudFilesContainerXMLParserDelegate.m */ = {isa = PBXFileReference; fileEncoding = 4; lastKnownFileType = sourcecode.c.objc; path = ASICloudFilesContainerXMLParserDelegate.m; sourceTree = "<group>"; };
		35F4F20915FD820400148EE7 /* ASICloudFilesObject.h */ = {isa = PBXFileReference; fileEncoding = 4; lastKnownFileType = sourcecode.c.h; path = ASICloudFilesObject.h; sourceTree = "<group>"; };
		35F4F20A15FD820400148EE7 /* ASICloudFilesObject.m */ = {isa = PBXFileReference; fileEncoding = 4; lastKnownFileType = sourcecode.c.objc; path = ASICloudFilesObject.m; sourceTree = "<group>"; };
		35F4F20B15FD820400148EE7 /* ASICloudFilesObjectRequest.h */ = {isa = PBXFileReference; fileEncoding = 4; lastKnownFileType = sourcecode.c.h; path = ASICloudFilesObjectRequest.h; sourceTree = "<group>"; };
		35F4F20C15FD820400148EE7 /* ASICloudFilesObjectRequest.m */ = {isa = PBXFileReference; fileEncoding = 4; lastKnownFileType = sourcecode.c.objc; path = ASICloudFilesObjectRequest.m; sourceTree = "<group>"; };
		35F4F20D15FD820400148EE7 /* ASICloudFilesRequest.h */ = {isa = PBXFileReference; fileEncoding = 4; lastKnownFileType = sourcecode.c.h; path = ASICloudFilesRequest.h; sourceTree = "<group>"; };
		35F4F20E15FD820400148EE7 /* ASICloudFilesRequest.m */ = {isa = PBXFileReference; fileEncoding = 4; lastKnownFileType = sourcecode.c.objc; path = ASICloudFilesRequest.m; sourceTree = "<group>"; };
		35F4F21015FD820400148EE7 /* ASINSXMLParserCompat.h */ = {isa = PBXFileReference; fileEncoding = 4; lastKnownFileType = sourcecode.c.h; path = ASINSXMLParserCompat.h; sourceTree = "<group>"; };
		35F4F21115FD820400148EE7 /* ASIS3Bucket.h */ = {isa = PBXFileReference; fileEncoding = 4; lastKnownFileType = sourcecode.c.h; path = ASIS3Bucket.h; sourceTree = "<group>"; };
		35F4F21215FD820400148EE7 /* ASIS3Bucket.m */ = {isa = PBXFileReference; fileEncoding = 4; lastKnownFileType = sourcecode.c.objc; path = ASIS3Bucket.m; sourceTree = "<group>"; };
		35F4F21315FD820400148EE7 /* ASIS3BucketObject.h */ = {isa = PBXFileReference; fileEncoding = 4; lastKnownFileType = sourcecode.c.h; path = ASIS3BucketObject.h; sourceTree = "<group>"; };
		35F4F21415FD820400148EE7 /* ASIS3BucketObject.m */ = {isa = PBXFileReference; fileEncoding = 4; lastKnownFileType = sourcecode.c.objc; path = ASIS3BucketObject.m; sourceTree = "<group>"; };
		35F4F21515FD820400148EE7 /* ASIS3BucketRequest.h */ = {isa = PBXFileReference; fileEncoding = 4; lastKnownFileType = sourcecode.c.h; path = ASIS3BucketRequest.h; sourceTree = "<group>"; };
		35F4F21615FD820400148EE7 /* ASIS3BucketRequest.m */ = {isa = PBXFileReference; fileEncoding = 4; lastKnownFileType = sourcecode.c.objc; path = ASIS3BucketRequest.m; sourceTree = "<group>"; };
		35F4F21715FD820400148EE7 /* ASIS3ObjectRequest.h */ = {isa = PBXFileReference; fileEncoding = 4; lastKnownFileType = sourcecode.c.h; path = ASIS3ObjectRequest.h; sourceTree = "<group>"; };
		35F4F21815FD820400148EE7 /* ASIS3ObjectRequest.m */ = {isa = PBXFileReference; fileEncoding = 4; lastKnownFileType = sourcecode.c.objc; path = ASIS3ObjectRequest.m; sourceTree = "<group>"; };
		35F4F21915FD820400148EE7 /* ASIS3Request.h */ = {isa = PBXFileReference; fileEncoding = 4; lastKnownFileType = sourcecode.c.h; path = ASIS3Request.h; sourceTree = "<group>"; };
		35F4F21A15FD820400148EE7 /* ASIS3Request.m */ = {isa = PBXFileReference; fileEncoding = 4; lastKnownFileType = sourcecode.c.objc; path = ASIS3Request.m; sourceTree = "<group>"; };
		35F4F21B15FD820400148EE7 /* ASIS3ServiceRequest.h */ = {isa = PBXFileReference; fileEncoding = 4; lastKnownFileType = sourcecode.c.h; path = ASIS3ServiceRequest.h; sourceTree = "<group>"; };
		35F4F21C15FD820400148EE7 /* ASIS3ServiceRequest.m */ = {isa = PBXFileReference; fileEncoding = 4; lastKnownFileType = sourcecode.c.objc; path = ASIS3ServiceRequest.m; sourceTree = "<group>"; };
		35F4F24515FD820400148EE7 /* Reachability.h */ = {isa = PBXFileReference; fileEncoding = 4; lastKnownFileType = sourcecode.c.h; path = Reachability.h; sourceTree = "<group>"; };
		35F4F24615FD820400148EE7 /* Reachability.m */ = {isa = PBXFileReference; fileEncoding = 4; lastKnownFileType = sourcecode.c.objc; path = Reachability.m; sourceTree = "<group>"; };
		35F4F24815FD820400148EE7 /* active.png */ = {isa = PBXFileReference; lastKnownFileType = image.png; path = active.png; sourceTree = "<group>"; };
		35F4F24A15FD820400148EE7 /* BackgroundNoLogos.png */ = {isa = PBXFileReference; lastKnownFileType = image.png; path = BackgroundNoLogos.png; sourceTree = "<group>"; };
		35F4F24C15FD820400148EE7 /* black_bar.png */ = {isa = PBXFileReference; lastKnownFileType = image.png; path = black_bar.png; sourceTree = "<group>"; };
		35F4F27015FD820400148EE7 /* image1.png */ = {isa = PBXFileReference; lastKnownFileType = image.png; path = image1.png; sourceTree = "<group>"; };
		35F4F27215FD820400148EE7 /* bottomRow.png */ = {isa = PBXFileReference; lastKnownFileType = image.png; path = bottomRow.png; sourceTree = "<group>"; };
		35F4F27315FD820400148EE7 /* bottomRowSelected.png */ = {isa = PBXFileReference; lastKnownFileType = image.png; path = bottomRowSelected.png; sourceTree = "<group>"; };
		35F4F27415FD820400148EE7 /* gradientBackground.png */ = {isa = PBXFileReference; lastKnownFileType = image.png; path = gradientBackground.png; sourceTree = "<group>"; };
		35F4F27515FD820400148EE7 /* indicator.png */ = {isa = PBXFileReference; lastKnownFileType = image.png; path = indicator.png; sourceTree = "<group>"; };
		35F4F27615FD820400148EE7 /* middleRow.png */ = {isa = PBXFileReference; lastKnownFileType = image.png; path = middleRow.png; sourceTree = "<group>"; };
		35F4F27715FD820400148EE7 /* middleRowSelected.png */ = {isa = PBXFileReference; lastKnownFileType = image.png; path = middleRowSelected.png; sourceTree = "<group>"; };
		35F4F27815FD820400148EE7 /* topAndBottomRow.png */ = {isa = PBXFileReference; lastKnownFileType = image.png; path = topAndBottomRow.png; sourceTree = "<group>"; };
		35F4F27915FD820400148EE7 /* topAndBottomRowSelected.png */ = {isa = PBXFileReference; lastKnownFileType = image.png; path = topAndBottomRowSelected.png; sourceTree = "<group>"; };
		35F4F27A15FD820400148EE7 /* topRow.png */ = {isa = PBXFileReference; lastKnownFileType = image.png; path = topRow.png; sourceTree = "<group>"; };
		35F4F27B15FD820400148EE7 /* topRowSelected.png */ = {isa = PBXFileReference; lastKnownFileType = image.png; path = topRowSelected.png; sourceTree = "<group>"; };
		35F4F27C15FD820400148EE7 /* list.png */ = {isa = PBXFileReference; lastKnownFileType = image.png; path = list.png; sourceTree = "<group>"; };
		35F4F27D15FD820400148EE7 /* map.png */ = {isa = PBXFileReference; lastKnownFileType = image.png; path = map.png; sourceTree = "<group>"; };
		35F4F27E15FD820400148EE7 /* path.png */ = {isa = PBXFileReference; lastKnownFileType = image.png; path = path.png; sourceTree = "<group>"; };
		35F4F29315FD820400148EE7 /* unactive.png */ = {isa = PBXFileReference; lastKnownFileType = image.png; path = unactive.png; sourceTree = "<group>"; };
		35F4F29D15FD820400148EE7 /* TDBadgedCell.h */ = {isa = PBXFileReference; fileEncoding = 4; lastKnownFileType = sourcecode.c.h; path = TDBadgedCell.h; sourceTree = "<group>"; };
		35F4F29E15FD820400148EE7 /* TDBadgedCell.m */ = {isa = PBXFileReference; fileEncoding = 4; lastKnownFileType = sourcecode.c.objc; path = TDBadgedCell.m; sourceTree = "<group>"; };
		35F4F2B415FD820400148EE7 /* MBProgressHUD.h */ = {isa = PBXFileReference; fileEncoding = 4; lastKnownFileType = sourcecode.c.h; path = MBProgressHUD.h; sourceTree = "<group>"; };
		35F4F2B515FD820400148EE7 /* MBProgressHUD.m */ = {isa = PBXFileReference; fileEncoding = 4; lastKnownFileType = sourcecode.c.objc; path = MBProgressHUD.m; sourceTree = "<group>"; };
		35F4F2B715FD820400148EE7 /* MyAnnotation.h */ = {isa = PBXFileReference; fileEncoding = 4; lastKnownFileType = sourcecode.c.h; path = MyAnnotation.h; sourceTree = "<group>"; };
		35F4F2B815FD820400148EE7 /* MyAnnotation.m */ = {isa = PBXFileReference; fileEncoding = 4; lastKnownFileType = sourcecode.c.objc; path = MyAnnotation.m; sourceTree = "<group>"; };
		35F4F2E715FD820400148EE7 /* MarqueeLabel.h */ = {isa = PBXFileReference; fileEncoding = 4; lastKnownFileType = sourcecode.c.h; path = MarqueeLabel.h; sourceTree = "<group>"; };
		35F4F2E815FD820400148EE7 /* MarqueeLabel.m */ = {isa = PBXFileReference; fileEncoding = 4; lastKnownFileType = sourcecode.c.objc; path = MarqueeLabel.m; sourceTree = "<group>"; };
		35F4F2EA15FD820400148EE7 /* DataHelper.h */ = {isa = PBXFileReference; fileEncoding = 4; lastKnownFileType = sourcecode.c.h; path = DataHelper.h; sourceTree = "<group>"; };
		35F4F2EB15FD820400148EE7 /* DataHelper.m */ = {isa = PBXFileReference; fileEncoding = 4; lastKnownFileType = sourcecode.c.objc; path = DataHelper.m; sourceTree = "<group>"; };
		35F4F2EC15FD820400148EE7 /* DirectionsMap.h */ = {isa = PBXFileReference; fileEncoding = 4; lastKnownFileType = sourcecode.c.h; path = DirectionsMap.h; sourceTree = "<group>"; };
		35F4F2ED15FD820400148EE7 /* DirectionsMap.m */ = {isa = PBXFileReference; fileEncoding = 4; lastKnownFileType = sourcecode.c.objc; path = DirectionsMap.m; sourceTree = "<group>"; };
		35F4F2EE15FD820400148EE7 /* StringHelper.h */ = {isa = PBXFileReference; fileEncoding = 4; lastKnownFileType = sourcecode.c.h; path = StringHelper.h; sourceTree = "<group>"; };
		35F4F2EF15FD820400148EE7 /* StringHelper.m */ = {isa = PBXFileReference; fileEncoding = 4; lastKnownFileType = sourcecode.c.objc; path = StringHelper.m; sourceTree = "<group>"; };
		35F4F30015FD820400148EE7 /* HospitalUnitViewController.h */ = {isa = PBXFileReference; fileEncoding = 4; lastKnownFileType = sourcecode.c.h; path = HospitalUnitViewController.h; sourceTree = "<group>"; };
		35F4F30115FD820400148EE7 /* HospitalUnitViewController.m */ = {isa = PBXFileReference; fileEncoding = 4; lastKnownFileType = sourcecode.c.objc; path = HospitalUnitViewController.m; sourceTree = "<group>"; };
		35F4F30515FD820400148EE7 /* UnitDetailViewController.h */ = {isa = PBXFileReference; fileEncoding = 4; lastKnownFileType = sourcecode.c.h; path = UnitDetailViewController.h; sourceTree = "<group>"; };
		35F4F30615FD820400148EE7 /* UnitDetailViewController.m */ = {isa = PBXFileReference; fileEncoding = 4; lastKnownFileType = sourcecode.c.objc; path = UnitDetailViewController.m; sourceTree = "<group>"; };
		35F4F30B15FD820400148EE7 /* bg-yellow.png */ = {isa = PBXFileReference; lastKnownFileType = image.png; path = "bg-yellow.png"; sourceTree = "<group>"; };
		35F4F30C15FD820400148EE7 /* bg-yellow@2x.png */ = {isa = PBXFileReference; lastKnownFileType = image.png; path = "bg-yellow@2x.png"; sourceTree = "<group>"; };
		35F4F30D15FD820400148EE7 /* YRDropdownView.h */ = {isa = PBXFileReference; fileEncoding = 4; lastKnownFileType = sourcecode.c.h; path = YRDropdownView.h; sourceTree = "<group>"; };
		35F4F30E15FD820400148EE7 /* YRDropdownView.m */ = {isa = PBXFileReference; fileEncoding = 4; lastKnownFileType = sourcecode.c.objc; path = YRDropdownView.m; sourceTree = "<group>"; };
		35F4F3BE15FD861000148EE7 /* m-Cultural-Prefix.pch */ = {isa = PBXFileReference; fileEncoding = 4; lastKnownFileType = sourcecode.c.h; path = "m-Cultural-Prefix.pch"; sourceTree = "<group>"; };
		35F4F3BF15FD861000148EE7 /* main.m */ = {isa = PBXFileReference; fileEncoding = 4; lastKnownFileType = sourcecode.c.objc; path = main.m; sourceTree = "<group>"; };
/* End PBXFileReference section */

/* Begin PBXFrameworksBuildPhase section */
		1CF7C2B415C92FC9005A755D /* Frameworks */ = {
			isa = PBXFrameworksBuildPhase;
			buildActionMask = 2147483647;
			files = (
				35614A0B16353D6000BA3689 /* CoreVideo.framework in Frameworks */,
				358B4C05160C4F5F003BE70C /* libiconv.dylib in Frameworks */,
				1C0CF8E415E21267009F47B5 /* MobileCoreServices.framework in Frameworks */,
				1C0CF8DF15E211C9009F47B5 /* libz.dylib in Frameworks */,
				1C0CF8DD15E21170009F47B5 /* libxml2.dylib in Frameworks */,
				1C80A50215D258E40072C003 /* CoreLocation.framework in Frameworks */,
				1C05154015DB3F7900AFEC58 /* OpenGLES.framework in Frameworks */,
				1C05153E15DB3F7000AFEC58 /* CoreMotion.framework in Frameworks */,
				1C05153C15DB3F6600AFEC58 /* CoreMedia.framework in Frameworks */,
				1C05153A15DB3EBB00AFEC58 /* AVFoundation.framework in Frameworks */,
				1CCD82A315DA3F010012F37D /* MapKit.framework in Frameworks */,
				1C66D16915D11DB600A59637 /* AudioToolbox.framework in Frameworks */,
				1C66D0FF15D0AADC00A59637 /* libsqlite3.dylib in Frameworks */,
				1CFE286D15CB680D009992B3 /* QuartzCore.framework in Frameworks */,
				1CFE284A15CB6296009992B3 /* SystemConfiguration.framework in Frameworks */,
				1CFE284815CB6275009992B3 /* CFNetwork.framework in Frameworks */,
				1CF7C2BC15C92FC9005A755D /* UIKit.framework in Frameworks */,
				1CF7C2BE15C92FC9005A755D /* Foundation.framework in Frameworks */,
				1CF7C2C015C92FC9005A755D /* CoreGraphics.framework in Frameworks */,
				35F17E5B16114C7100B11466 /* libzbar.a in Frameworks */,
			);
			runOnlyForDeploymentPostprocessing = 0;
		};
/* End PBXFrameworksBuildPhase section */

/* Begin PBXGroup section */
		1CADF560160089D500CCADA0 /* Authentication */ = {
			isa = PBXGroup;
			children = (
				1CADF561160089D500CCADA0 /* AuthenticationViewController.h */,
				1CADF562160089D500CCADA0 /* AuthenticationViewController.m */,
			);
			path = Authentication;
			sourceTree = "<group>";
		};
		1CF7C2AC15C92FC9005A755D = {
			isa = PBXGroup;
			children = (
				355BCBCA162D45100090966C /* Default@2x.png */,
				355BCBC8162D45080090966C /* Default.png */,
				35F17E3D16114C7100B11466 /* ZBarSDK */,
				35C7F030161031B700BF6AB9 /* POI圖片顯示 */,
				358B4C20160C5538003BE70C /* JSON */,
				358B4C04160C4F5F003BE70C /* libiconv.dylib */,
				358B4C02160C4F47003BE70C /* CoreVideo.framework */,
				35EA7CE7160ABF540057EA5A /* Default-568h@2x.png */,
				35F4F1DF15FD820400148EE7 /* src */,
				1CCD829015DA1C480012F37D /* 114x114.png */,
				1CCD828D15DA1C450012F37D /* 57x57.png */,
				1CFE284B15CB633C009992B3 /* Settings.bundle */,
				1CF7C2BA15C92FC9005A755D /* Frameworks */,
				1CF7C2B815C92FC9005A755D /* Products */,
			);
			sourceTree = "<group>";
		};
		1CF7C2B815C92FC9005A755D /* Products */ = {
			isa = PBXGroup;
			children = (
				1CF7C2B715C92FC9005A755D /* 民謠踩點趴趴GO.app */,
			);
			name = Products;
			sourceTree = "<group>";
		};
		1CF7C2BA15C92FC9005A755D /* Frameworks */ = {
			isa = PBXGroup;
			children = (
				1C0CF8DE15E211C9009F47B5 /* libz.dylib */,
				1C0CF8E315E21267009F47B5 /* MobileCoreServices.framework */,
				1C0CF8DB15E210E2009F47B5 /* libxml2.dylib */,
				1C05153F15DB3F7900AFEC58 /* OpenGLES.framework */,
				1C05153D15DB3F7000AFEC58 /* CoreMotion.framework */,
				1C05153B15DB3F6600AFEC58 /* CoreMedia.framework */,
				1C05153915DB3EBB00AFEC58 /* AVFoundation.framework */,
				1CCD82A215DA3F010012F37D /* MapKit.framework */,
				1C80A50115D258E40072C003 /* CoreLocation.framework */,
				1C66D0FE15D0AADC00A59637 /* libsqlite3.dylib */,
				1C66D16815D11DB600A59637 /* AudioToolbox.framework */,
				1CFE286C15CB680D009992B3 /* QuartzCore.framework */,
				1CFE284915CB6296009992B3 /* SystemConfiguration.framework */,
				1CFE284715CB6275009992B3 /* CFNetwork.framework */,
				1CF7C2BB15C92FC9005A755D /* UIKit.framework */,
				1CF7C2BD15C92FC9005A755D /* Foundation.framework */,
				1CF7C2BF15C92FC9005A755D /* CoreGraphics.framework */,
			);
			name = Frameworks;
			sourceTree = "<group>";
		};
		351A36F0162C2E2D00B5EAC3 /* 表演團體 */ = {
			isa = PBXGroup;
			children = (
				35C8F2F4162C32AB003DED1B /* ShowTeamDetailViewController.h */,
				35C8F2F3162C32AB003DED1B /* ShowTeamDetailViewController.m */,
				351A36F1162C2E2D00B5EAC3 /* ShowTeamViewController.h */,
				351A36F2162C2E2D00B5EAC3 /* ShowTeamViewController.m */,
			);
			path = "表演團體";
			sourceTree = "<group>";
		};
		358B4C06160C50E8003BE70C /* QRCodeFunction */ = {
			isa = PBXGroup;
			children = (
				358B4C07160C50E8003BE70C /* EmbedReaderViewController.h */,
				358B4C08160C50E8003BE70C /* EmbedReaderViewController.m */,
			);
			path = QRCodeFunction;
			sourceTree = "<group>";
		};
		358B4C20160C5538003BE70C /* JSON */ = {
			isa = PBXGroup;
			children = (
				358B4C21160C5538003BE70C /* JSON.h */,
				358B4C22160C5538003BE70C /* NSObject+SBJSON.h */,
				358B4C23160C5538003BE70C /* NSObject+SBJSON.m */,
				358B4C24160C5538003BE70C /* NSString+SBJSON.h */,
				358B4C25160C5538003BE70C /* NSString+SBJSON.m */,
				358B4C26160C5538003BE70C /* SBJsonBase.h */,
				358B4C27160C5538003BE70C /* SBJsonBase.m */,
				358B4C28160C5538003BE70C /* SBJsonParser.h */,
				358B4C29160C5538003BE70C /* SBJsonParser.m */,
				358B4C2A160C5538003BE70C /* SBJsonWriter.h */,
				358B4C2B160C5538003BE70C /* SBJsonWriter.m */,
			);
			path = JSON;
			sourceTree = "<group>";
		};
		35C7F030161031B700BF6AB9 /* POI圖片顯示 */ = {
			isa = PBXGroup;
			children = (
				35C7F031161031B700BF6AB9 /* SWSnapshotStackView.h */,
				35C7F032161031B700BF6AB9 /* SWSnapshotStackView.m */,
			);
			name = "POI圖片顯示";
			path = "src/POI圖片顯示";
			sourceTree = "<group>";
		};
		35F17E3D16114C7100B11466 /* ZBarSDK */ = {
			isa = PBXGroup;
			children = (
				35F17E3E16114C7100B11466 /* Headers */,
				35F17E5516114C7100B11466 /* libzbar.a */,
				35F17E5616114C7100B11466 /* Resources */,
			);
			path = ZBarSDK;
			sourceTree = "<group>";
		};
		35F17E3E16114C7100B11466 /* Headers */ = {
			isa = PBXGroup;
			children = (
				35F17E3F16114C7100B11466 /* ZBarSDK */,
			);
			path = Headers;
			sourceTree = "<group>";
		};
		35F17E3F16114C7100B11466 /* ZBarSDK */ = {
			isa = PBXGroup;
			children = (
				35F17E4016114C7100B11466 /* zbar */,
				35F17E4A16114C7100B11466 /* zbar.h */,
				35F17E4B16114C7100B11466 /* ZBarCameraSimulator.h */,
				35F17E4C16114C7100B11466 /* ZBarCaptureReader.h */,
				35F17E4D16114C7100B11466 /* ZBarHelpController.h */,
				35F17E4E16114C7100B11466 /* ZBarImage.h */,
				35F17E4F16114C7100B11466 /* ZBarImageScanner.h */,
				35F17E5016114C7100B11466 /* ZBarReaderController.h */,
				35F17E5116114C7100B11466 /* ZBarReaderView.h */,
				35F17E5216114C7100B11466 /* ZBarReaderViewController.h */,
				35F17E5316114C7100B11466 /* ZBarSDK.h */,
				35F17E5416114C7100B11466 /* ZBarSymbol.h */,
			);
			path = ZBarSDK;
			sourceTree = "<group>";
		};
		35F17E4016114C7100B11466 /* zbar */ = {
			isa = PBXGroup;
			children = (
				35F17E4116114C7100B11466 /* Decoder.h */,
				35F17E4216114C7100B11466 /* Exception.h */,
				35F17E4316114C7100B11466 /* Image.h */,
				35F17E4416114C7100B11466 /* ImageScanner.h */,
				35F17E4516114C7100B11466 /* Processor.h */,
				35F17E4616114C7100B11466 /* Scanner.h */,
				35F17E4716114C7100B11466 /* Symbol.h */,
				35F17E4816114C7100B11466 /* Video.h */,
				35F17E4916114C7100B11466 /* Window.h */,
			);
			path = zbar;
			sourceTree = "<group>";
		};
		35F17E5616114C7100B11466 /* Resources */ = {
			isa = PBXGroup;
			children = (
				35F17E5716114C7100B11466 /* zbar-back.png */,
				35F17E5816114C7100B11466 /* zbar-help.html */,
				35F17E5916114C7100B11466 /* zbar-helpicons.png */,
				35F17E5A16114C7100B11466 /* zbar-samples.png */,
			);
			path = Resources;
			sourceTree = "<group>";
		};
		35F4F1DF15FD820400148EE7 /* src */ = {
			isa = PBXGroup;
			children = (
				351A36F0162C2E2D00B5EAC3 /* 表演團體 */,
				358B4C06160C50E8003BE70C /* QRCodeFunction */,
				1CADF560160089D500CCADA0 /* Authentication */,
				35F4F3BC15FD861000148EE7 /* Supporting Files */,
				35F4F1E015FD820400148EE7 /* AppDelegate.h */,
				35F4F1E115FD820400148EE7 /* AppDelegate.m */,
				35F4F1E815FD820400148EE7 /* ASIHTTP */,
				35F4F24415FD820400148EE7 /* Reachability */,
				35F4F24715FD820400148EE7 /* Resource */,
				35F4F29C15FD820400148EE7 /* 客制化表格單元 */,
				35F4F2B315FD820400148EE7 /* 提示視窗 */,
				35F4F2B615FD820400148EE7 /* 景點資料物件 */,
				35F4F2E615FD820400148EE7 /* 跑馬燈 */,
				35F4F2E915FD820400148EE7 /* 路徑規劃 */,
				35F4F2FF15FD820400148EE7 /* 院所列表 */,
				35F4F30415FD820400148EE7 /* 院所詳細資料 */,
				35F4F30A15FD820400148EE7 /* 黃色警示視窗 */,
			);
			path = src;
			sourceTree = "<group>";
		};
		35F4F1E815FD820400148EE7 /* ASIHTTP */ = {
			isa = PBXGroup;
			children = (
				35F4F1E915FD820400148EE7 /* ASIAuthenticationDialog.h */,
				35F4F1EA15FD820400148EE7 /* ASIAuthenticationDialog.m */,
				35F4F1EB15FD820400148EE7 /* ASICacheDelegate.h */,
				35F4F1EC15FD820400148EE7 /* ASIDataCompressor.h */,
				35F4F1ED15FD820400148EE7 /* ASIDataCompressor.m */,
				35F4F1EE15FD820400148EE7 /* ASIDataDecompressor.h */,
				35F4F1EF15FD820400148EE7 /* ASIDataDecompressor.m */,
				35F4F1F015FD820400148EE7 /* ASIDownloadCache.h */,
				35F4F1F115FD820400148EE7 /* ASIDownloadCache.m */,
				35F4F1F215FD820400148EE7 /* ASIFormDataRequest.h */,
				35F4F1F315FD820400148EE7 /* ASIFormDataRequest.m */,
				35F4F1F415FD820400148EE7 /* ASIHTTPRequest.h */,
				35F4F1F515FD820400148EE7 /* ASIHTTPRequest.m */,
				35F4F1F615FD820400148EE7 /* ASIHTTPRequestConfig.h */,
				35F4F1F715FD820400148EE7 /* ASIHTTPRequestDelegate.h */,
				35F4F1F815FD820400148EE7 /* ASIInputStream.h */,
				35F4F1F915FD820400148EE7 /* ASIInputStream.m */,
				35F4F1FA15FD820400148EE7 /* ASINetworkQueue.h */,
				35F4F1FB15FD820400148EE7 /* ASINetworkQueue.m */,
				35F4F1FC15FD820400148EE7 /* ASIProgressDelegate.h */,
				35F4F1FD15FD820400148EE7 /* ASIWebPageRequest */,
				35F4F20015FD820400148EE7 /* CloudFiles */,
				35F4F20F15FD820400148EE7 /* S3 */,
			);
			path = ASIHTTP;
			sourceTree = "<group>";
		};
		35F4F1FD15FD820400148EE7 /* ASIWebPageRequest */ = {
			isa = PBXGroup;
			children = (
				35F4F1FE15FD820400148EE7 /* ASIWebPageRequest.h */,
				35F4F1FF15FD820400148EE7 /* ASIWebPageRequest.m */,
			);
			path = ASIWebPageRequest;
			sourceTree = "<group>";
		};
		35F4F20015FD820400148EE7 /* CloudFiles */ = {
			isa = PBXGroup;
			children = (
				35F4F20115FD820400148EE7 /* ASICloudFilesCDNRequest.h */,
				35F4F20215FD820400148EE7 /* ASICloudFilesCDNRequest.m */,
				35F4F20315FD820400148EE7 /* ASICloudFilesContainer.h */,
				35F4F20415FD820400148EE7 /* ASICloudFilesContainer.m */,
				35F4F20515FD820400148EE7 /* ASICloudFilesContainerRequest.h */,
				35F4F20615FD820400148EE7 /* ASICloudFilesContainerRequest.m */,
				35F4F20715FD820400148EE7 /* ASICloudFilesContainerXMLParserDelegate.h */,
				35F4F20815FD820400148EE7 /* ASICloudFilesContainerXMLParserDelegate.m */,
				35F4F20915FD820400148EE7 /* ASICloudFilesObject.h */,
				35F4F20A15FD820400148EE7 /* ASICloudFilesObject.m */,
				35F4F20B15FD820400148EE7 /* ASICloudFilesObjectRequest.h */,
				35F4F20C15FD820400148EE7 /* ASICloudFilesObjectRequest.m */,
				35F4F20D15FD820400148EE7 /* ASICloudFilesRequest.h */,
				35F4F20E15FD820400148EE7 /* ASICloudFilesRequest.m */,
			);
			path = CloudFiles;
			sourceTree = "<group>";
		};
		35F4F20F15FD820400148EE7 /* S3 */ = {
			isa = PBXGroup;
			children = (
				35F4F21015FD820400148EE7 /* ASINSXMLParserCompat.h */,
				35F4F21115FD820400148EE7 /* ASIS3Bucket.h */,
				35F4F21215FD820400148EE7 /* ASIS3Bucket.m */,
				35F4F21315FD820400148EE7 /* ASIS3BucketObject.h */,
				35F4F21415FD820400148EE7 /* ASIS3BucketObject.m */,
				35F4F21515FD820400148EE7 /* ASIS3BucketRequest.h */,
				35F4F21615FD820400148EE7 /* ASIS3BucketRequest.m */,
				35F4F21715FD820400148EE7 /* ASIS3ObjectRequest.h */,
				35F4F21815FD820400148EE7 /* ASIS3ObjectRequest.m */,
				35F4F21915FD820400148EE7 /* ASIS3Request.h */,
				35F4F21A15FD820400148EE7 /* ASIS3Request.m */,
				35F4F21B15FD820400148EE7 /* ASIS3ServiceRequest.h */,
				35F4F21C15FD820400148EE7 /* ASIS3ServiceRequest.m */,
			);
			path = S3;
			sourceTree = "<group>";
		};
		35F4F24415FD820400148EE7 /* Reachability */ = {
			isa = PBXGroup;
			children = (
				35F4F24515FD820400148EE7 /* Reachability.h */,
				35F4F24615FD820400148EE7 /* Reachability.m */,
			);
			path = Reachability;
			sourceTree = "<group>";
		};
		35F4F24715FD820400148EE7 /* Resource */ = {
			isa = PBXGroup;
			children = (
				35429864163105E1005027FC /* show05.png */,
				35C8F2F9162C4FE6003DED1B /* bg.png */,
				35C8F2F7162C3765003DED1B /* footer.png */,
				351A36DA162C2DD100B5EAC3 /* 羅思容與孤毛頭樂團.png */,
				351A36DB162C2DD100B5EAC3 /* 老鷹印地安樂團.png */,
				351A36DC162C2DD100B5EAC3 /* 牧羊人.png */,
				351A36DD162C2DD100B5EAC3 /* 查馬打擊樂團.png */,
				351A36DE162C2DD100B5EAC3 /* 印尼－森巴巽它.png */,
				351A36DF162C2DD100B5EAC3 /* 落山風的囝仔.png */,
				351A36E0162C2DD100B5EAC3 /* 張日貴.png */,
				351A36E1162C2DD200B5EAC3 /* 朱丁順阿公.png */,
				351A36E2162C2DD200B5EAC3 /* 新疆哈薩克－葉爾波利樂隊.png */,
				351A36E3162C2DD200B5EAC3 /* 伊朗－薩邦樂團.png */,
				351A36E4162C2DD200B5EAC3 /* 芬蘭－古弦琴樂隊.png */,
				351A36D8162C2A9900B5EAC3 /* showteam.json */,
				351A36D6162C144D00B5EAC3 /* btn_home.png */,
				351A36D0162C002400B5EAC3 /* show.png */,
				359BF57B1623AF80009F41B4 /* activity.json */,
				358B4BD9160C4617003BE70C /* mappoi.json */,
				358B4BD7160C399F003BE70C /* QRcode.png */,
				35F4F24815FD820400148EE7 /* active.png */,
				35F4F24A15FD820400148EE7 /* BackgroundNoLogos.png */,
				35F4F24C15FD820400148EE7 /* black_bar.png */,
				35F4F27015FD820400148EE7 /* image1.png */,
				35F4F27115FD820400148EE7 /* Images */,
				35F4F27C15FD820400148EE7 /* list.png */,
				35F4F27D15FD820400148EE7 /* map.png */,
				35F4F27E15FD820400148EE7 /* path.png */,
				35F4F29315FD820400148EE7 /* unactive.png */,
				35F17E601611890F00B11466 /* data.plist */,
			);
			path = Resource;
			sourceTree = "<group>";
		};
		35F4F27115FD820400148EE7 /* Images */ = {
			isa = PBXGroup;
			children = (
				35F4F27215FD820400148EE7 /* bottomRow.png */,
				35F4F27315FD820400148EE7 /* bottomRowSelected.png */,
				35F4F27415FD820400148EE7 /* gradientBackground.png */,
				35F4F27515FD820400148EE7 /* indicator.png */,
				35F4F27615FD820400148EE7 /* middleRow.png */,
				35F4F27715FD820400148EE7 /* middleRowSelected.png */,
				35F4F27815FD820400148EE7 /* topAndBottomRow.png */,
				35F4F27915FD820400148EE7 /* topAndBottomRowSelected.png */,
				35F4F27A15FD820400148EE7 /* topRow.png */,
				35F4F27B15FD820400148EE7 /* topRowSelected.png */,
			);
			path = Images;
			sourceTree = "<group>";
		};
		35F4F29C15FD820400148EE7 /* 客制化表格單元 */ = {
			isa = PBXGroup;
			children = (
				35F4F29D15FD820400148EE7 /* TDBadgedCell.h */,
				35F4F29E15FD820400148EE7 /* TDBadgedCell.m */,
			);
			path = "客制化表格單元";
			sourceTree = "<group>";
		};
		35F4F2B315FD820400148EE7 /* 提示視窗 */ = {
			isa = PBXGroup;
			children = (
				35F4F2B415FD820400148EE7 /* MBProgressHUD.h */,
				35F4F2B515FD820400148EE7 /* MBProgressHUD.m */,
			);
			path = "提示視窗";
			sourceTree = "<group>";
		};
		35F4F2B615FD820400148EE7 /* 景點資料物件 */ = {
			isa = PBXGroup;
			children = (
				35F4F2B715FD820400148EE7 /* MyAnnotation.h */,
				35F4F2B815FD820400148EE7 /* MyAnnotation.m */,
			);
			path = "景點資料物件";
			sourceTree = "<group>";
		};
		35F4F2E615FD820400148EE7 /* 跑馬燈 */ = {
			isa = PBXGroup;
			children = (
				35F4F2E715FD820400148EE7 /* MarqueeLabel.h */,
				35F4F2E815FD820400148EE7 /* MarqueeLabel.m */,
			);
			path = "跑馬燈";
			sourceTree = "<group>";
		};
		35F4F2E915FD820400148EE7 /* 路徑規劃 */ = {
			isa = PBXGroup;
			children = (
				35F4F2EA15FD820400148EE7 /* DataHelper.h */,
				35F4F2EB15FD820400148EE7 /* DataHelper.m */,
				35F4F2EC15FD820400148EE7 /* DirectionsMap.h */,
				35F4F2ED15FD820400148EE7 /* DirectionsMap.m */,
				35F4F2EE15FD820400148EE7 /* StringHelper.h */,
				35F4F2EF15FD820400148EE7 /* StringHelper.m */,
			);
			path = "路徑規劃";
			sourceTree = "<group>";
		};
		35F4F2FF15FD820400148EE7 /* 院所列表 */ = {
			isa = PBXGroup;
			children = (
				35F4F30015FD820400148EE7 /* HospitalUnitViewController.h */,
				35F4F30115FD820400148EE7 /* HospitalUnitViewController.m */,
			);
			path = "院所列表";
			sourceTree = "<group>";
		};
		35F4F30415FD820400148EE7 /* 院所詳細資料 */ = {
			isa = PBXGroup;
			children = (
				35F4F30515FD820400148EE7 /* UnitDetailViewController.h */,
				35F4F30615FD820400148EE7 /* UnitDetailViewController.m */,
			);
			path = "院所詳細資料";
			sourceTree = "<group>";
		};
		35F4F30A15FD820400148EE7 /* 黃色警示視窗 */ = {
			isa = PBXGroup;
			children = (
				35F4F30B15FD820400148EE7 /* bg-yellow.png */,
				35F4F30C15FD820400148EE7 /* bg-yellow@2x.png */,
				35F4F30D15FD820400148EE7 /* YRDropdownView.h */,
				35F4F30E15FD820400148EE7 /* YRDropdownView.m */,
			);
			path = "黃色警示視窗";
			sourceTree = "<group>";
		};
		35F4F3BC15FD861000148EE7 /* Supporting Files */ = {
			isa = PBXGroup;
			children = (
				35F4F3BE15FD861000148EE7 /* m-Cultural-Prefix.pch */,
				35F4F3BF15FD861000148EE7 /* main.m */,
			);
			path = "Supporting Files";
			sourceTree = "<group>";
		};
/* End PBXGroup section */

/* Begin PBXNativeTarget section */
		1CF7C2B615C92FC9005A755D /* m-Cultural */ = {
			isa = PBXNativeTarget;
			buildConfigurationList = 1CF7C2CF15C92FC9005A755D /* Build configuration list for PBXNativeTarget "m-Cultural" */;
			buildPhases = (
				1CF7C2B315C92FC9005A755D /* Sources */,
				1CF7C2B415C92FC9005A755D /* Frameworks */,
				1CF7C2B515C92FC9005A755D /* Resources */,
			);
			buildRules = (
			);
			dependencies = (
			);
			name = "m-Cultural";
			productName = "m-Order";
			productReference = 1CF7C2B715C92FC9005A755D /* 民謠踩點趴趴GO.app */;
			productType = "com.apple.product-type.application";
		};
/* End PBXNativeTarget section */

/* Begin PBXProject section */
		1CF7C2AE15C92FC9005A755D /* Project object */ = {
			isa = PBXProject;
			attributes = {
				LastUpgradeCheck = 0440;
				ORGANIZATIONNAME = "HSU CHIH YUAN";
			};
			buildConfigurationList = 1CF7C2B115C92FC9005A755D /* Build configuration list for PBXProject "m-Cultural" */;
			compatibilityVersion = "Xcode 3.2";
			developmentRegion = English;
			hasScannedForEncodings = 0;
			knownRegions = (
				en,
				zh_cn,
				zh_tw,
			);
			mainGroup = 1CF7C2AC15C92FC9005A755D;
			productRefGroup = 1CF7C2B815C92FC9005A755D /* Products */;
			projectDirPath = "";
			projectRoot = "";
			targets = (
				1CF7C2B615C92FC9005A755D /* m-Cultural */,
			);
		};
/* End PBXProject section */

/* Begin PBXResourcesBuildPhase section */
		1CF7C2B515C92FC9005A755D /* Resources */ = {
			isa = PBXResourcesBuildPhase;
			buildActionMask = 2147483647;
			files = (
				1CFE284C15CB633C009992B3 /* Settings.bundle in Resources */,
				1CCD828E15DA1C450012F37D /* 57x57.png in Resources */,
				1CCD829115DA1C480012F37D /* 114x114.png in Resources */,
				35F4F33D15FD820400148EE7 /* active.png in Resources */,
				35F4F33F15FD820400148EE7 /* BackgroundNoLogos.png in Resources */,
				35F4F34115FD820400148EE7 /* black_bar.png in Resources */,
				35F4F36215FD820400148EE7 /* image1.png in Resources */,
				35F4F36315FD820400148EE7 /* bottomRow.png in Resources */,
				35F4F36415FD820400148EE7 /* bottomRowSelected.png in Resources */,
				35F4F36515FD820400148EE7 /* gradientBackground.png in Resources */,
				35F4F36615FD820400148EE7 /* indicator.png in Resources */,
				35F4F36715FD820400148EE7 /* middleRow.png in Resources */,
				35F4F36815FD820400148EE7 /* middleRowSelected.png in Resources */,
				35F4F36915FD820400148EE7 /* topAndBottomRow.png in Resources */,
				35F4F36A15FD820400148EE7 /* topAndBottomRowSelected.png in Resources */,
				35F4F36B15FD820400148EE7 /* topRow.png in Resources */,
				35F4F36C15FD820400148EE7 /* topRowSelected.png in Resources */,
				35F4F36D15FD820400148EE7 /* list.png in Resources */,
				35F4F36E15FD820400148EE7 /* map.png in Resources */,
				35F4F36F15FD820400148EE7 /* path.png in Resources */,
				35F4F38315FD820400148EE7 /* unactive.png in Resources */,
				35F4F3B515FD820400148EE7 /* bg-yellow.png in Resources */,
				35F4F3B615FD820400148EE7 /* bg-yellow@2x.png in Resources */,
				35EA7CE8160ABF540057EA5A /* Default-568h@2x.png in Resources */,
				358B4BD8160C399F003BE70C /* QRcode.png in Resources */,
				358B4BDA160C4617003BE70C /* mappoi.json in Resources */,
				35F17E5C16114C7100B11466 /* zbar-back.png in Resources */,
				35F17E5D16114C7100B11466 /* zbar-help.html in Resources */,
				35F17E5E16114C7100B11466 /* zbar-helpicons.png in Resources */,
				35F17E5F16114C7100B11466 /* zbar-samples.png in Resources */,
				35F17E611611890F00B11466 /* data.plist in Resources */,
				359BF57C1623AF80009F41B4 /* activity.json in Resources */,
				351A36D1162C002400B5EAC3 /* show.png in Resources */,
				351A36D7162C144D00B5EAC3 /* btn_home.png in Resources */,
				351A36D9162C2A9900B5EAC3 /* showteam.json in Resources */,
				351A36E5162C2DD200B5EAC3 /* 羅思容與孤毛頭樂團.png in Resources */,
				351A36E6162C2DD200B5EAC3 /* 老鷹印地安樂團.png in Resources */,
				351A36E7162C2DD200B5EAC3 /* 牧羊人.png in Resources */,
				351A36E8162C2DD200B5EAC3 /* 查馬打擊樂團.png in Resources */,
				351A36E9162C2DD200B5EAC3 /* 印尼－森巴巽它.png in Resources */,
				351A36EA162C2DD200B5EAC3 /* 落山風的囝仔.png in Resources */,
				351A36EB162C2DD200B5EAC3 /* 張日貴.png in Resources */,
				351A36EC162C2DD200B5EAC3 /* 朱丁順阿公.png in Resources */,
				351A36ED162C2DD200B5EAC3 /* 新疆哈薩克－葉爾波利樂隊.png in Resources */,
				351A36EE162C2DD200B5EAC3 /* 伊朗－薩邦樂團.png in Resources */,
				351A36EF162C2DD200B5EAC3 /* 芬蘭－古弦琴樂隊.png in Resources */,
				35C8F2F8162C3765003DED1B /* footer.png in Resources */,
				35C8F2FA162C4FE6003DED1B /* bg.png in Resources */,
				355BCBC9162D45080090966C /* Default.png in Resources */,
				355BCBCB162D45100090966C /* Default@2x.png in Resources */,
				35429865163105E1005027FC /* show05.png in Resources */,
			);
			runOnlyForDeploymentPostprocessing = 0;
		};
/* End PBXResourcesBuildPhase section */

/* Begin PBXSourcesBuildPhase section */
		1CF7C2B315C92FC9005A755D /* Sources */ = {
			isa = PBXSourcesBuildPhase;
			buildActionMask = 2147483647;
			files = (
				35F4F30F15FD820400148EE7 /* AppDelegate.m in Sources */,
				35F4F31515FD820400148EE7 /* ASIAuthenticationDialog.m in Sources */,
				35F4F31615FD820400148EE7 /* ASIDataCompressor.m in Sources */,
				35F4F31715FD820400148EE7 /* ASIDataDecompressor.m in Sources */,
				35F4F31815FD820400148EE7 /* ASIDownloadCache.m in Sources */,
				35F4F31915FD820400148EE7 /* ASIFormDataRequest.m in Sources */,
				35F4F31A15FD820400148EE7 /* ASIHTTPRequest.m in Sources */,
				35F4F31B15FD820400148EE7 /* ASIInputStream.m in Sources */,
				35F4F31C15FD820400148EE7 /* ASINetworkQueue.m in Sources */,
				35F4F31D15FD820400148EE7 /* ASIWebPageRequest.m in Sources */,
				35F4F31E15FD820400148EE7 /* ASICloudFilesCDNRequest.m in Sources */,
				35F4F31F15FD820400148EE7 /* ASICloudFilesContainer.m in Sources */,
				35F4F32015FD820400148EE7 /* ASICloudFilesContainerRequest.m in Sources */,
				35F4F32115FD820400148EE7 /* ASICloudFilesContainerXMLParserDelegate.m in Sources */,
				35F4F32215FD820400148EE7 /* ASICloudFilesObject.m in Sources */,
				35F4F32315FD820400148EE7 /* ASICloudFilesObjectRequest.m in Sources */,
				35F4F32415FD820400148EE7 /* ASICloudFilesRequest.m in Sources */,
				35F4F32515FD820400148EE7 /* ASIS3Bucket.m in Sources */,
				35F4F32615FD820400148EE7 /* ASIS3BucketObject.m in Sources */,
				35F4F32715FD820400148EE7 /* ASIS3BucketRequest.m in Sources */,
				35F4F32815FD820400148EE7 /* ASIS3ObjectRequest.m in Sources */,
				35F4F32915FD820400148EE7 /* ASIS3Request.m in Sources */,
				35F4F32A15FD820400148EE7 /* ASIS3ServiceRequest.m in Sources */,
				35F4F33C15FD820400148EE7 /* Reachability.m in Sources */,
				35F4F38915FD820400148EE7 /* TDBadgedCell.m in Sources */,
				35F4F39315FD820400148EE7 /* MBProgressHUD.m in Sources */,
				35F4F39415FD820400148EE7 /* MyAnnotation.m in Sources */,
				35F4F3A715FD820400148EE7 /* MarqueeLabel.m in Sources */,
				35F4F3A815FD820400148EE7 /* DataHelper.m in Sources */,
				35F4F3A915FD820400148EE7 /* DirectionsMap.m in Sources */,
				35F4F3AA15FD820400148EE7 /* StringHelper.m in Sources */,
				35F4F3B115FD820400148EE7 /* HospitalUnitViewController.m in Sources */,
				35F4F3B315FD820400148EE7 /* UnitDetailViewController.m in Sources */,
				35F4F3B715FD820400148EE7 /* YRDropdownView.m in Sources */,
				35F4F3C115FD861000148EE7 /* main.m in Sources */,
				1CADF563160089D500CCADA0 /* AuthenticationViewController.m in Sources */,
				358B4C09160C50E8003BE70C /* EmbedReaderViewController.m in Sources */,
				358B4C2C160C5538003BE70C /* NSObject+SBJSON.m in Sources */,
				358B4C2D160C5538003BE70C /* NSString+SBJSON.m in Sources */,
				358B4C2E160C5538003BE70C /* SBJsonBase.m in Sources */,
				358B4C2F160C5538003BE70C /* SBJsonParser.m in Sources */,
				358B4C30160C5538003BE70C /* SBJsonWriter.m in Sources */,
				35C7F033161031B700BF6AB9 /* SWSnapshotStackView.m in Sources */,
				351A36F3162C2E2D00B5EAC3 /* ShowTeamViewController.m in Sources */,
				35C8F2F5162C32AB003DED1B /* ShowTeamDetailViewController.m in Sources */,
			);
			runOnlyForDeploymentPostprocessing = 0;
		};
/* End PBXSourcesBuildPhase section */

/* Begin XCBuildConfiguration section */
		1CF7C2CD15C92FC9005A755D /* Debug */ = {
			isa = XCBuildConfiguration;
			buildSettings = {
				ALWAYS_SEARCH_USER_PATHS = NO;
				ARCHS = "$(ARCHS_STANDARD_32_BIT)";
				CLANG_CXX_LANGUAGE_STANDARD = "gnu++0x";
				CLANG_WARN__DUPLICATE_METHOD_MATCH = YES;
				"CODE_SIGN_IDENTITY[sdk=iphoneos*]" = "";
				COPY_PHASE_STRIP = NO;
				GCC_C_LANGUAGE_STANDARD = gnu99;
				GCC_DYNAMIC_NO_PIC = NO;
				GCC_OPTIMIZATION_LEVEL = 0;
				GCC_PREPROCESSOR_DEFINITIONS = (
					"DEBUG=1",
					"$(inherited)",
				);
				GCC_SYMBOLS_PRIVATE_EXTERN = NO;
				GCC_VERSION = com.apple.compilers.llvm.clang.1_0;
				GCC_WARN_ABOUT_RETURN_TYPE = YES;
				GCC_WARN_UNINITIALIZED_AUTOS = YES;
				GCC_WARN_UNUSED_VARIABLE = YES;
				IPHONEOS_DEPLOYMENT_TARGET = 5.1;
				SDKROOT = iphoneos;
			};
			name = Debug;
		};
		1CF7C2CE15C92FC9005A755D /* Release */ = {
			isa = XCBuildConfiguration;
			buildSettings = {
				ALWAYS_SEARCH_USER_PATHS = NO;
				ARCHS = "$(ARCHS_STANDARD_32_BIT)";
				CLANG_CXX_LANGUAGE_STANDARD = "gnu++0x";
				CLANG_WARN__DUPLICATE_METHOD_MATCH = YES;
				"CODE_SIGN_IDENTITY[sdk=iphoneos*]" = "";
				COPY_PHASE_STRIP = YES;
				GCC_C_LANGUAGE_STANDARD = gnu99;
				GCC_VERSION = com.apple.compilers.llvm.clang.1_0;
				GCC_WARN_ABOUT_RETURN_TYPE = YES;
				GCC_WARN_UNINITIALIZED_AUTOS = YES;
				GCC_WARN_UNUSED_VARIABLE = YES;
				IPHONEOS_DEPLOYMENT_TARGET = 5.1;
				OTHER_CFLAGS = "-DNS_BLOCK_ASSERTIONS=1";
				SDKROOT = iphoneos;
				VALIDATE_PRODUCT = YES;
			};
			name = Release;
		};
		1CF7C2D015C92FC9005A755D /* Debug */ = {
			isa = XCBuildConfiguration;
			buildSettings = {
				CODE_SIGN_IDENTITY = "iPhone Developer: Bolin Kuo (T9B66S9P9R)";
				"CODE_SIGN_IDENTITY[sdk=iphoneos*]" = "iPhone Developer: Bolin Kuo (T9B66S9P9R)";
				FRAMEWORK_SEARCH_PATHS = (
					"$(inherited)",
					"\"$(SRCROOT)/src\"",
					"\"$(SRCROOT)/src\"",
				);
				GCC_PRECOMPILE_PREFIX_HEADER = YES;
				GCC_PREFIX_HEADER = "src/Supporting Files/m-Cultural-Prefix.pch";
				HEADER_SEARCH_PATHS = "${SDK_DIR}/usr/include/libxml2";
				INFOPLIST_FILE = "$(SRCROOT)/src/Supporting Files/m-Cultural-Info.plist";
				IPHONEOS_DEPLOYMENT_TARGET = 4.2;
				LIBRARY_SEARCH_PATHS = (
					"$(inherited)",
					"\"$(SRCROOT)/ZBarSDK\"",
				);
				OTHER_LDFLAGS = (
					"-ObjC",
					"-lstdc++",
				);
				PRODUCT_NAME = "民謠踩點趴趴GO";
				PROVISIONING_PROFILE = "FD3E1EB0-4E52-4C5C-97FC-B87627F71A66";
				"PROVISIONING_PROFILE[sdk=iphoneos*]" = "FD3E1EB0-4E52-4C5C-97FC-B87627F71A66";
				TARGETED_DEVICE_FAMILY = 1;
				VALID_ARCHS = armv7;
				WRAPPER_EXTENSION = app;
			};
			name = Debug;
		};
		1CF7C2D115C92FC9005A755D /* Release */ = {
			isa = XCBuildConfiguration;
			buildSettings = {
				CODE_SIGN_IDENTITY = "iPhone Developer: Bolin Kuo (T9B66S9P9R)";
				"CODE_SIGN_IDENTITY[sdk=iphoneos*]" = "iPhone Developer: Bolin Kuo (T9B66S9P9R)";
				FRAMEWORK_SEARCH_PATHS = (
					"$(inherited)",
					"\"$(SRCROOT)/src\"",
					"\"$(SRCROOT)/src\"",
				);
				GCC_PRECOMPILE_PREFIX_HEADER = YES;
				GCC_PREFIX_HEADER = "src/Supporting Files/m-Cultural-Prefix.pch";
				HEADER_SEARCH_PATHS = "${SDK_DIR}/usr/include/libxml2";
				INFOPLIST_FILE = "$(SRCROOT)/src/Supporting Files/m-Cultural-Info.plist";
				IPHONEOS_DEPLOYMENT_TARGET = 4.2;
				LIBRARY_SEARCH_PATHS = (
					"$(inherited)",
					"\"$(SRCROOT)/ZBarSDK\"",
				);
				OTHER_LDFLAGS = (
					"-ObjC",
					"-lstdc++",
				);
				PRODUCT_NAME = "民謠踩點趴趴GO";
				PROVISIONING_PROFILE = "FD3E1EB0-4E52-4C5C-97FC-B87627F71A66";
				"PROVISIONING_PROFILE[sdk=iphoneos*]" = "FD3E1EB0-4E52-4C5C-97FC-B87627F71A66";
				TARGETED_DEVICE_FAMILY = 1;
				VALID_ARCHS = armv7;
				WRAPPER_EXTENSION = app;
			};
			name = Release;
		};
/* End XCBuildConfiguration section */

/* Begin XCConfigurationList section */
		1CF7C2B115C92FC9005A755D /* Build configuration list for PBXProject "m-Cultural" */ = {
			isa = XCConfigurationList;
			buildConfigurations = (
				1CF7C2CD15C92FC9005A755D /* Debug */,
				1CF7C2CE15C92FC9005A755D /* Release */,
			);
			defaultConfigurationIsVisible = 0;
			defaultConfigurationName = Release;
		};
		1CF7C2CF15C92FC9005A755D /* Build configuration list for PBXNativeTarget "m-Cultural" */ = {
			isa = XCConfigurationList;
			buildConfigurations = (
				1CF7C2D015C92FC9005A755D /* Debug */,
				1CF7C2D115C92FC9005A755D /* Release */,
			);
			defaultConfigurationIsVisible = 0;
			defaultConfigurationName = Release;
		};
/* End XCConfigurationList section */
	};
	rootObject = 1CF7C2AE15C92FC9005A755D /* Project object */;
}
